// !$*UTF8*$!
{
	archiveVersion = 1;
	classes = {
	};
	objectVersion = 46;
	objects = {

/* Begin PBXBuildFile section */
		1D60589F0D05DD5A006BFB54 /* Foundation.framework in Frameworks */ = {isa = PBXBuildFile; fileRef = 1D30AB110D05D00D00671497 /* Foundation.framework */; };
		1DF5F4E00D08C38300B7A737 /* UIKit.framework in Frameworks */ = {isa = PBXBuildFile; fileRef = 1DF5F4DF0D08C38300B7A737 /* UIKit.framework */; };
		28FD15000DC6FC520079059D /* OpenGLES.framework in Frameworks */ = {isa = PBXBuildFile; fileRef = 28FD14FF0DC6FC520079059D /* OpenGLES.framework */; };
		28FD15080DC6FC5B0079059D /* QuartzCore.framework in Frameworks */ = {isa = PBXBuildFile; fileRef = 28FD15070DC6FC5B0079059D /* QuartzCore.framework */; };
		292FFBBE12159B4A003564EE /* space.png in Resources */ = {isa = PBXBuildFile; fileRef = 292FFB9812159B4A003564EE /* space.png */; };
		292FFBBF12159B4A003564EE /* spacecraft.sgm in Resources */ = {isa = PBXBuildFile; fileRef = 292FFB9912159B4A003564EE /* spacecraft.sgm */; };
		292FFBC912159B4A003564EE /* font1.png in Resources */ = {isa = PBXBuildFile; fileRef = 292FFBA812159B4A003564EE /* font1.png */; };
		292FFBCD12159B4A003564EE /* sky_back.png in Resources */ = {isa = PBXBuildFile; fileRef = 292FFBAC12159B4A003564EE /* sky_back.png */; };
		292FFBCE12159B4A003564EE /* sky_down.png in Resources */ = {isa = PBXBuildFile; fileRef = 292FFBAD12159B4A003564EE /* sky_down.png */; };
		292FFBCF12159B4A003564EE /* sky_front.png in Resources */ = {isa = PBXBuildFile; fileRef = 292FFBAE12159B4A003564EE /* sky_front.png */; };
		292FFBD012159B4A003564EE /* sky_left.png in Resources */ = {isa = PBXBuildFile; fileRef = 292FFBAF12159B4A003564EE /* sky_left.png */; };
		292FFBD112159B4A003564EE /* sky_right.png in Resources */ = {isa = PBXBuildFile; fileRef = 292FFBB012159B4A003564EE /* sky_right.png */; };
		292FFBD212159B4A003564EE /* sky_up.png in Resources */ = {isa = PBXBuildFile; fileRef = 292FFBB112159B4A003564EE /* sky_up.png */; };
		2952EEAE117A6F90006FAB6F /* CoreGraphics.framework in Frameworks */ = {isa = PBXBuildFile; fileRef = 2952EEAD117A6F90006FAB6F /* CoreGraphics.framework */; };
		295CBF5D1215861700F1F941 /* main.cpp in Sources */ = {isa = PBXBuildFile; fileRef = 295CBF5B1215861700F1F941 /* main.cpp */; };
		295CBF69121587B300F1F941 /* Rotate.cpp in Sources */ = {isa = PBXBuildFile; fileRef = 295CBF67121587B300F1F941 /* Rotate.cpp */; };
		299A742E1215AD0700863967 /* Interface.cpp in Sources */ = {isa = PBXBuildFile; fileRef = 299A742D1215AD0700863967 /* Interface.cpp */; };
		299A74651215AF9900863967 /* logo_64.png in Resources */ = {isa = PBXBuildFile; fileRef = 299A74601215AF9900863967 /* logo_64.png */; };
		29D0638213C9DFD500C001B2 /* AudioToolbox.framework in Frameworks */ = {isa = PBXBuildFile; fileRef = 29D0638013C9DFD500C001B2 /* AudioToolbox.framework */; };
		29D0638313C9DFD500C001B2 /* OpenAL.framework in Frameworks */ = {isa = PBXBuildFile; fileRef = 29D0638113C9DFD500C001B2 /* OpenAL.framework */; };
		29D0639E13C9E22300C001B2 /* iSDGE.framework in Frameworks */ = {isa = PBXBuildFile; fileRef = 29D0639C13C9E22300C001B2 /* iSDGE.framework */; };
		29D0639F13C9E22300C001B2 /* iSDGE.bundle in Resources */ = {isa = PBXBuildFile; fileRef = 29D0639D13C9E22300C001B2 /* iSDGE.bundle */; };
		29D7EB5B117CFABF0091D933 /* Entitlements.plist in Resources */ = {isa = PBXBuildFile; fileRef = 29D7EB5A117CFABF0091D933 /* Entitlements.plist */; };
		29F1835412AB15D400B7F5F2 /* Default.png in Resources */ = {isa = PBXBuildFile; fileRef = 29F1834C12AB15D400B7F5F2 /* Default.png */; };
		29F1835512AB15D400B7F5F2 /* Default@2x.png in Resources */ = {isa = PBXBuildFile; fileRef = 29F1834D12AB15D400B7F5F2 /* Default@2x.png */; };
		29F1835612AB15D400B7F5F2 /* Icon-72.png in Resources */ = {isa = PBXBuildFile; fileRef = 29F1834E12AB15D400B7F5F2 /* Icon-72.png */; };
		29F1835712AB15D400B7F5F2 /* Icon-Small-50.png in Resources */ = {isa = PBXBuildFile; fileRef = 29F1834F12AB15D400B7F5F2 /* Icon-Small-50.png */; };
		29F1835812AB15D400B7F5F2 /* Icon-Small.png in Resources */ = {isa = PBXBuildFile; fileRef = 29F1835012AB15D400B7F5F2 /* Icon-Small.png */; };
		29F1835912AB15D400B7F5F2 /* Icon-Small@2x.png in Resources */ = {isa = PBXBuildFile; fileRef = 29F1835112AB15D400B7F5F2 /* Icon-Small@2x.png */; };
		29F1835A12AB15D400B7F5F2 /* Icon.png in Resources */ = {isa = PBXBuildFile; fileRef = 29F1835212AB15D400B7F5F2 /* Icon.png */; };
		29F1835B12AB15D400B7F5F2 /* Icon@2x.png in Resources */ = {isa = PBXBuildFile; fileRef = 29F1835312AB15D400B7F5F2 /* Icon@2x.png */; };
		C08887DB15A6D83A00C623F1 /* Events.cpp in Sources */ = {isa = PBXBuildFile; fileRef = C08887DA15A6D83A00C623F1 /* Events.cpp */; };
/* End PBXBuildFile section */

/* Begin PBXFileReference section */
		1D30AB110D05D00D00671497 /* Foundation.framework */ = {isa = PBXFileReference; lastKnownFileType = wrapper.framework; name = Foundation.framework; path = System/Library/Frameworks/Foundation.framework; sourceTree = SDKROOT; };
		1D6058910D05DD3D006BFB54 /* sgPanels.app */ = {isa = PBXFileReference; explicitFileType = wrapper.application; includeInIndex = 0; path = sgPanels.app; sourceTree = BUILT_PRODUCTS_DIR; };
		1DF5F4DF0D08C38300B7A737 /* UIKit.framework */ = {isa = PBXFileReference; lastKnownFileType = wrapper.framework; name = UIKit.framework; path = System/Library/Frameworks/UIKit.framework; sourceTree = SDKROOT; };
		28FD14FF0DC6FC520079059D /* OpenGLES.framework */ = {isa = PBXFileReference; lastKnownFileType = wrapper.framework; name = OpenGLES.framework; path = System/Library/Frameworks/OpenGLES.framework; sourceTree = SDKROOT; };
		28FD15070DC6FC5B0079059D /* QuartzCore.framework */ = {isa = PBXFileReference; lastKnownFileType = wrapper.framework; name = QuartzCore.framework; path = System/Library/Frameworks/QuartzCore.framework; sourceTree = SDKROOT; };
		292FFB9812159B4A003564EE /* space.png */ = {isa = PBXFileReference; lastKnownFileType = image.png; path = space.png; sourceTree = "<group>"; };
		292FFB9912159B4A003564EE /* spacecraft.sgm */ = {isa = PBXFileReference; fileEncoding = 4; lastKnownFileType = text.xml; path = spacecraft.sgm; sourceTree = "<group>"; };
		292FFBA812159B4A003564EE /* font1.png */ = {isa = PBXFileReference; lastKnownFileType = image.png; path = font1.png; sourceTree = "<group>"; };
		292FFBAC12159B4A003564EE /* sky_back.png */ = {isa = PBXFileReference; lastKnownFileType = image.png; path = sky_back.png; sourceTree = "<group>"; };
		292FFBAD12159B4A003564EE /* sky_down.png */ = {isa = PBXFileReference; lastKnownFileType = image.png; path = sky_down.png; sourceTree = "<group>"; };
		292FFBAE12159B4A003564EE /* sky_front.png */ = {isa = PBXFileReference; lastKnownFileType = image.png; path = sky_front.png; sourceTree = "<group>"; };
		292FFBAF12159B4A003564EE /* sky_left.png */ = {isa = PBXFileReference; lastKnownFileType = image.png; path = sky_left.png; sourceTree = "<group>"; };
		292FFBB012159B4A003564EE /* sky_right.png */ = {isa = PBXFileReference; lastKnownFileType = image.png; path = sky_right.png; sourceTree = "<group>"; };
		292FFBB112159B4A003564EE /* sky_up.png */ = {isa = PBXFileReference; lastKnownFileType = image.png; path = sky_up.png; sourceTree = "<group>"; };
		2952EEAD117A6F90006FAB6F /* CoreGraphics.framework */ = {isa = PBXFileReference; lastKnownFileType = wrapper.framework; name = CoreGraphics.framework; path = System/Library/Frameworks/CoreGraphics.framework; sourceTree = SDKROOT; };
		295CBF591215861700F1F941 /* Events.h */ = {isa = PBXFileReference; fileEncoding = 4; lastKnownFileType = sourcecode.c.h; path = Events.h; sourceTree = "<group>"; };
		295CBF5B1215861700F1F941 /* main.cpp */ = {isa = PBXFileReference; fileEncoding = 4; lastKnownFileType = sourcecode.cpp.cpp; path = main.cpp; sourceTree = "<group>"; };
		295CBF67121587B300F1F941 /* Rotate.cpp */ = {isa = PBXFileReference; fileEncoding = 4; lastKnownFileType = sourcecode.cpp.cpp; path = Rotate.cpp; sourceTree = "<group>"; };
		295CBF68121587B300F1F941 /* Rotate.h */ = {isa = PBXFileReference; fileEncoding = 4; lastKnownFileType = sourcecode.c.h; path = Rotate.h; sourceTree = "<group>"; };
		295CBF8C12158A9600F1F941 /* sgPanels-Info.plist */ = {isa = PBXFileReference; fileEncoding = 4; lastKnownFileType = text.plist.xml; path = "sgPanels-Info.plist"; sourceTree = "<group>"; };
		299A742C1215AD0700863967 /* Interface.h */ = {isa = PBXFileReference; fileEncoding = 4; lastKnownFileType = sourcecode.c.h; path = Interface.h; sourceTree = "<group>"; };
		299A742D1215AD0700863967 /* Interface.cpp */ = {isa = PBXFileReference; fileEncoding = 4; lastKnownFileType = sourcecode.cpp.cpp; path = Interface.cpp; sourceTree = "<group>"; };
		299A74601215AF9900863967 /* logo_64.png */ = {isa = PBXFileReference; lastKnownFileType = image.png; path = logo_64.png; sourceTree = "<group>"; };
		29D0638013C9DFD500C001B2 /* AudioToolbox.framework */ = {isa = PBXFileReference; lastKnownFileType = wrapper.framework; name = AudioToolbox.framework; path = System/Library/Frameworks/AudioToolbox.framework; sourceTree = SDKROOT; };
		29D0638113C9DFD500C001B2 /* OpenAL.framework */ = {isa = PBXFileReference; lastKnownFileType = wrapper.framework; name = OpenAL.framework; path = System/Library/Frameworks/OpenAL.framework; sourceTree = SDKROOT; };
		29D0639C13C9E22300C001B2 /* iSDGE.framework */ = {isa = PBXFileReference; lastKnownFileType = wrapper.framework; path = iSDGE.framework; sourceTree = BUILT_PRODUCTS_DIR; };
		29D0639D13C9E22300C001B2 /* iSDGE.bundle */ = {isa = PBXFileReference; lastKnownFileType = "wrapper.plug-in"; path = iSDGE.bundle; sourceTree = BUILT_PRODUCTS_DIR; };
		29D7EB5A117CFABF0091D933 /* Entitlements.plist */ = {isa = PBXFileReference; fileEncoding = 4; lastKnownFileType = text.plist.xml; path = Entitlements.plist; sourceTree = "<group>"; };
		29F1834C12AB15D400B7F5F2 /* Default.png */ = {isa = PBXFileReference; lastKnownFileType = image.png; path = Default.png; sourceTree = "<group>"; };
		29F1834D12AB15D400B7F5F2 /* Default@2x.png */ = {isa = PBXFileReference; lastKnownFileType = image.png; path = "Default@2x.png"; sourceTree = "<group>"; };
		29F1834E12AB15D400B7F5F2 /* Icon-72.png */ = {isa = PBXFileReference; lastKnownFileType = image.png; path = "Icon-72.png"; sourceTree = "<group>"; };
		29F1834F12AB15D400B7F5F2 /* Icon-Small-50.png */ = {isa = PBXFileReference; lastKnownFileType = image.png; path = "Icon-Small-50.png"; sourceTree = "<group>"; };
		29F1835012AB15D400B7F5F2 /* Icon-Small.png */ = {isa = PBXFileReference; lastKnownFileType = image.png; path = "Icon-Small.png"; sourceTree = "<group>"; };
		29F1835112AB15D400B7F5F2 /* Icon-Small@2x.png */ = {isa = PBXFileReference; lastKnownFileType = image.png; path = "Icon-Small@2x.png"; sourceTree = "<group>"; };
		29F1835212AB15D400B7F5F2 /* Icon.png */ = {isa = PBXFileReference; lastKnownFileType = image.png; path = Icon.png; sourceTree = "<group>"; };
		29F1835312AB15D400B7F5F2 /* Icon@2x.png */ = {isa = PBXFileReference; lastKnownFileType = image.png; path = "Icon@2x.png"; sourceTree = "<group>"; };
		C08887DA15A6D83A00C623F1 /* Events.cpp */ = {isa = PBXFileReference; explicitFileType = sourcecode.cpp.objcpp; fileEncoding = 4; path = Events.cpp; sourceTree = "<group>"; };
/* End PBXFileReference section */

/* Begin PBXFrameworksBuildPhase section */
		1D60588F0D05DD3D006BFB54 /* Frameworks */ = {
			isa = PBXFrameworksBuildPhase;
			buildActionMask = 2147483647;
			files = (
				1D60589F0D05DD5A006BFB54 /* Foundation.framework in Frameworks */,
				1DF5F4E00D08C38300B7A737 /* UIKit.framework in Frameworks */,
				28FD15000DC6FC520079059D /* OpenGLES.framework in Frameworks */,
				28FD15080DC6FC5B0079059D /* QuartzCore.framework in Frameworks */,
				2952EEAE117A6F90006FAB6F /* CoreGraphics.framework in Frameworks */,
				29D0638213C9DFD500C001B2 /* AudioToolbox.framework in Frameworks */,
				29D0638313C9DFD500C001B2 /* OpenAL.framework in Frameworks */,
				29D0639E13C9E22300C001B2 /* iSDGE.framework in Frameworks */,
			);
			runOnlyForDeploymentPostprocessing = 0;
		};
/* End PBXFrameworksBuildPhase section */

/* Begin PBXGroup section */
		19C28FACFE9D520D11CA2CBB /* Products */ = {
			isa = PBXGroup;
			children = (
				1D6058910D05DD3D006BFB54 /* sgPanels.app */,
			);
			name = Products;
			sourceTree = "<group>";
		};
		292FFB8A12159B4A003564EE /* Media */ = {
			isa = PBXGroup;
			children = (
				299A745E1215AF9900863967 /* Logos */,
				292FFB9112159B4A003564EE /* Models */,
				292FFBA712159B4A003564EE /* Textures */,
			);
			name = Media;
			path = ../../Media;
			sourceTree = SOURCE_ROOT;
		};
		292FFB9112159B4A003564EE /* Models */ = {
			isa = PBXGroup;
			children = (
				292FFB9612159B4A003564EE /* modelcheap */,
			);
			path = Models;
			sourceTree = "<group>";
		};
		292FFB9612159B4A003564EE /* modelcheap */ = {
			isa = PBXGroup;
			children = (
				292FFB9812159B4A003564EE /* space.png */,
				292FFB9912159B4A003564EE /* spacecraft.sgm */,
			);
			path = modelcheap;
			sourceTree = "<group>";
		};
		292FFBA712159B4A003564EE /* Textures */ = {
			isa = PBXGroup;
			children = (
				292FFBA812159B4A003564EE /* font1.png */,
				292FFBAC12159B4A003564EE /* sky_back.png */,
				292FFBAD12159B4A003564EE /* sky_down.png */,
				292FFBAE12159B4A003564EE /* sky_front.png */,
				292FFBAF12159B4A003564EE /* sky_left.png */,
				292FFBB012159B4A003564EE /* sky_right.png */,
				292FFBB112159B4A003564EE /* sky_up.png */,
			);
			path = Textures;
			sourceTree = "<group>";
		};
		295CBF571215861700F1F941 /* Code */ = {
			isa = PBXGroup;
			children = (
				295CBF66121587B300F1F941 /* Objects */,
				295CBF581215861700F1F941 /* Main */,
			);
			path = Code;
			sourceTree = "<group>";
		};
		295CBF581215861700F1F941 /* Main */ = {
			isa = PBXGroup;
			children = (
				C08887DA15A6D83A00C623F1 /* Events.cpp */,
				295CBF591215861700F1F941 /* Events.h */,
				295CBF5B1215861700F1F941 /* main.cpp */,
			);
			path = Main;
			sourceTree = "<group>";
		};
		295CBF66121587B300F1F941 /* Objects */ = {
			isa = PBXGroup;
			children = (
				295CBF67121587B300F1F941 /* Rotate.cpp */,
				295CBF68121587B300F1F941 /* Rotate.h */,
				299A742C1215AD0700863967 /* Interface.h */,
				299A742D1215AD0700863967 /* Interface.cpp */,
			);
			path = Objects;
			sourceTree = "<group>";
		};
		299A745E1215AF9900863967 /* Logos */ = {
			isa = PBXGroup;
			children = (
				299A74601215AF9900863967 /* logo_64.png */,
			);
			path = Logos;
			sourceTree = "<group>";
		};
		29B97314FDCFA39411CA2CEA /* CustomTemplate */ = {
			isa = PBXGroup;
			children = (
				292FFB8A12159B4A003564EE /* Media */,
				295CBF571215861700F1F941 /* Code */,
				29B97317FDCFA39411CA2CEA /* Resources */,
				29B97323FDCFA39411CA2CEA /* Frameworks */,
				19C28FACFE9D520D11CA2CBB /* Products */,
			);
			name = CustomTemplate;
			sourceTree = "<group>";
		};
		29B97317FDCFA39411CA2CEA /* Resources */ = {
			isa = PBXGroup;
			children = (
				29F1834B12AB15D400B7F5F2 /* Device */,
				295CBF8C12158A9600F1F941 /* sgPanels-Info.plist */,
				29D7EB5A117CFABF0091D933 /* Entitlements.plist */,
			);
			name = Resources;
			sourceTree = "<group>";
		};
		29B97323FDCFA39411CA2CEA /* Frameworks */ = {
			isa = PBXGroup;
			children = (
				29D0639C13C9E22300C001B2 /* iSDGE.framework */,
				29D0639D13C9E22300C001B2 /* iSDGE.bundle */,
				29D0638013C9DFD500C001B2 /* AudioToolbox.framework */,
				29D0638113C9DFD500C001B2 /* OpenAL.framework */,
				2952EEAD117A6F90006FAB6F /* CoreGraphics.framework */,
				28FD15070DC6FC5B0079059D /* QuartzCore.framework */,
				28FD14FF0DC6FC520079059D /* OpenGLES.framework */,
				1DF5F4DF0D08C38300B7A737 /* UIKit.framework */,
				1D30AB110D05D00D00671497 /* Foundation.framework */,
			);
			name = Frameworks;
			sourceTree = "<group>";
		};
		29F1834B12AB15D400B7F5F2 /* Device */ = {
			isa = PBXGroup;
			children = (
				29F1834C12AB15D400B7F5F2 /* Default.png */,
				29F1834D12AB15D400B7F5F2 /* Default@2x.png */,
				29F1834E12AB15D400B7F5F2 /* Icon-72.png */,
				29F1834F12AB15D400B7F5F2 /* Icon-Small-50.png */,
				29F1835012AB15D400B7F5F2 /* Icon-Small.png */,
				29F1835112AB15D400B7F5F2 /* Icon-Small@2x.png */,
				29F1835212AB15D400B7F5F2 /* Icon.png */,
				29F1835312AB15D400B7F5F2 /* Icon@2x.png */,
			);
			name = Device;
			path = ../../Media/Device;
			sourceTree = SOURCE_ROOT;
		};
/* End PBXGroup section */

/* Begin PBXNativeTarget section */
		1D6058900D05DD3D006BFB54 /* sgPanels */ = {
			isa = PBXNativeTarget;
			buildConfigurationList = 1D6058960D05DD3E006BFB54 /* Build configuration list for PBXNativeTarget "sgPanels" */;
			buildPhases = (
				1D60588D0D05DD3D006BFB54 /* Resources */,
				1D60588E0D05DD3D006BFB54 /* Sources */,
				1D60588F0D05DD3D006BFB54 /* Frameworks */,
			);
			buildRules = (
			);
			dependencies = (
			);
			name = sgPanels;
			productName = Engine;
			productReference = 1D6058910D05DD3D006BFB54 /* sgPanels.app */;
			productType = "com.apple.product-type.application";
		};
/* End PBXNativeTarget section */

/* Begin PBXProject section */
		29B97313FDCFA39411CA2CEA /* Project object */ = {
			isa = PBXProject;
			attributes = {
				LastUpgradeCheck = 0420;
				ORGANIZATIONNAME = SlinDev;
			};
			buildConfigurationList = C01FCF4E08A954540054247B /* Build configuration list for PBXProject "sgPanels" */;
			compatibilityVersion = "Xcode 3.2";
			developmentRegion = English;
			hasScannedForEncodings = 1;
			knownRegions = (
				English,
				Japanese,
				French,
				German,
			);
			mainGroup = 29B97314FDCFA39411CA2CEA /* CustomTemplate */;
			projectDirPath = "";
			projectRoot = "";
			targets = (
				1D6058900D05DD3D006BFB54 /* sgPanels */,
			);
		};
/* End PBXProject section */

/* Begin PBXResourcesBuildPhase section */
		1D60588D0D05DD3D006BFB54 /* Resources */ = {
			isa = PBXResourcesBuildPhase;
			buildActionMask = 2147483647;
			files = (
				29D7EB5B117CFABF0091D933 /* Entitlements.plist in Resources */,
				292FFBBE12159B4A003564EE /* space.png in Resources */,
				292FFBBF12159B4A003564EE /* spacecraft.sgm in Resources */,
				292FFBC912159B4A003564EE /* font1.png in Resources */,
				292FFBCD12159B4A003564EE /* sky_back.png in Resources */,
				292FFBCE12159B4A003564EE /* sky_down.png in Resources */,
				292FFBCF12159B4A003564EE /* sky_front.png in Resources */,
				292FFBD012159B4A003564EE /* sky_left.png in Resources */,
				292FFBD112159B4A003564EE /* sky_right.png in Resources */,
				292FFBD212159B4A003564EE /* sky_up.png in Resources */,
				299A74651215AF9900863967 /* logo_64.png in Resources */,
				29F1835412AB15D400B7F5F2 /* Default.png in Resources */,
				29F1835512AB15D400B7F5F2 /* Default@2x.png in Resources */,
				29F1835612AB15D400B7F5F2 /* Icon-72.png in Resources */,
				29F1835712AB15D400B7F5F2 /* Icon-Small-50.png in Resources */,
				29F1835812AB15D400B7F5F2 /* Icon-Small.png in Resources */,
				29F1835912AB15D400B7F5F2 /* Icon-Small@2x.png in Resources */,
				29F1835A12AB15D400B7F5F2 /* Icon.png in Resources */,
				29F1835B12AB15D400B7F5F2 /* Icon@2x.png in Resources */,
				29D0639F13C9E22300C001B2 /* iSDGE.bundle in Resources */,
			);
			runOnlyForDeploymentPostprocessing = 0;
		};
/* End PBXResourcesBuildPhase section */

/* Begin PBXSourcesBuildPhase section */
		1D60588E0D05DD3D006BFB54 /* Sources */ = {
			isa = PBXSourcesBuildPhase;
			buildActionMask = 2147483647;
			files = (
				295CBF5D1215861700F1F941 /* main.cpp in Sources */,
				295CBF69121587B300F1F941 /* Rotate.cpp in Sources */,
				299A742E1215AD0700863967 /* Interface.cpp in Sources */,
				C08887DB15A6D83A00C623F1 /* Events.cpp in Sources */,
			);
			runOnlyForDeploymentPostprocessing = 0;
		};
/* End PBXSourcesBuildPhase section */

/* Begin XCBuildConfiguration section */
		1D6058940D05DD3E006BFB54 /* Debug */ = {
			isa = XCBuildConfiguration;
			buildSettings = {
				ALWAYS_SEARCH_USER_PATHS = NO;
				COPY_PHASE_STRIP = NO;
				FRAMEWORK_SEARCH_PATHS = (
					"$(inherited)",
					"\"$(SRCROOT)/../../DerivedData/iSDGE/Build/Products/$(CONFIGURATION)$(EFFECTIVE_PLATFORM_NAME)\"",
				);
				GCC_DYNAMIC_NO_PIC = NO;
				GCC_OPTIMIZATION_LEVEL = 0;
				GCC_PRECOMPILE_PREFIX_HEADER = YES;
				GCC_PREFIX_HEADER = "";
				"GCC_THUMB_SUPPORT[arch=armv6]" = "";
				GCC_VERSION = com.apple.compilers.llvm.clang.1_0;
				HEADER_SEARCH_PATHS = "\"$(SRCROOT)/../../DerivedData/iSDGE/Build/Products/$(CONFIGURATION)$(EFFECTIVE_PLATFORM_NAME)/iSDGE.framework/Headers\"/**";
				INFOPLIST_FILE = "sgPanels-Info.plist";
				PRECOMPS_INCLUDE_HEADERS_FROM_BUILT_PRODUCTS_DIR = YES;
				PRODUCT_NAME = sgPanels;
			};
			name = Debug;
		};
		1D6058950D05DD3E006BFB54 /* Release */ = {
			isa = XCBuildConfiguration;
			buildSettings = {
				ALWAYS_SEARCH_USER_PATHS = NO;
				COPY_PHASE_STRIP = YES;
				FRAMEWORK_SEARCH_PATHS = (
					"$(inherited)",
					"\"$(SRCROOT)/../../DerivedData/iSDGE/Build/Products/$(CONFIGURATION)$(EFFECTIVE_PLATFORM_NAME)\"",
				);
				GCC_PRECOMPILE_PREFIX_HEADER = YES;
				GCC_PREFIX_HEADER = "";
				"GCC_THUMB_SUPPORT[arch=armv6]" = "";
				GCC_VERSION = com.apple.compilers.llvm.clang.1_0;
				HEADER_SEARCH_PATHS = "\"$(SRCROOT)/../../DerivedData/iSDGE/Build/Products/$(CONFIGURATION)$(EFFECTIVE_PLATFORM_NAME)/iSDGE.framework/Headers\"/**";
				INFOPLIST_FILE = "sgPanels-Info.plist";
				PRECOMPS_INCLUDE_HEADERS_FROM_BUILT_PRODUCTS_DIR = YES;
				PRODUCT_NAME = sgPanels;
				VALIDATE_PRODUCT = YES;
			};
			name = Release;
		};
		29D7EB42117CF6B30091D933 /* AdHoc */ = {
			isa = XCBuildConfiguration;
			buildSettings = {
				ARCHS = "$(ARCHS_STANDARD_32_BIT)";
				CODE_SIGN_ENTITLEMENTS = Entitlements.plist;
				"CODE_SIGN_IDENTITY[sdk=iphoneos*]" = "iPhone Distribution";
				GCC_C_LANGUAGE_STANDARD = c99;
				GCC_PREPROCESSOR_DEFINITIONS = __IOS__;
				GCC_WARN_ABOUT_RETURN_TYPE = YES;
				GCC_WARN_UNUSED_VARIABLE = YES;
				HEADER_SEARCH_PATHS = "../../Engine/Physics/Bullet/bullet-2.77/src/**";
				IPHONEOS_DEPLOYMENT_TARGET = 4.1;
				OTHER_CFLAGS = "-DNS_BLOCK_ASSERTIONS=1";
				"PROVISIONING_PROFILE[sdk=iphoneos*]" = "";
				SDKROOT = iphoneos;
				TARGETED_DEVICE_FAMILY = "1,2";
			};
			name = AdHoc;
		};
		29D7EB43117CF6B30091D933 /* AdHoc */ = {
			isa = XCBuildConfiguration;
			buildSettings = {
				ALWAYS_SEARCH_USER_PATHS = NO;
				COPY_PHASE_STRIP = YES;
				FRAMEWORK_SEARCH_PATHS = (
					"$(inherited)",
					"\"$(SRCROOT)/../../DerivedData/iSDGE/Build/Products/$(CONFIGURATION)$(EFFECTIVE_PLATFORM_NAME)\"",
				);
				GCC_PRECOMPILE_PREFIX_HEADER = YES;
				GCC_PREFIX_HEADER = "";
				"GCC_THUMB_SUPPORT[arch=armv6]" = "";
				GCC_VERSION = com.apple.compilers.llvm.clang.1_0;
				HEADER_SEARCH_PATHS = "\"$(SRCROOT)/../../DerivedData/iSDGE/Build/Products/$(CONFIGURATION)$(EFFECTIVE_PLATFORM_NAME)/iSDGE.framework/Headers\"/**";
				INFOPLIST_FILE = "sgPanels-Info.plist";
				PRECOMPS_INCLUDE_HEADERS_FROM_BUILT_PRODUCTS_DIR = YES;
				PRODUCT_NAME = sgPanels;
				VALIDATE_PRODUCT = NO;
			};
			name = AdHoc;
		};
		C01FCF4F08A954540054247B /* Debug */ = {
			isa = XCBuildConfiguration;
			buildSettings = {
				ARCHS = "$(ARCHS_STANDARD_32_BIT)";
				"CODE_SIGN_IDENTITY[sdk=iphoneos*]" = "iPhone Developer";
				GCC_C_LANGUAGE_STANDARD = c99;
				GCC_PREPROCESSOR_DEFINITIONS = (
					__IOS__,
					DEBUG,
				);
				GCC_WARN_ABOUT_RETURN_TYPE = YES;
				GCC_WARN_UNUSED_VARIABLE = YES;
				HEADER_SEARCH_PATHS = "../../Engine/Physics/Bullet/bullet-2.77/src/**";
				IPHONEOS_DEPLOYMENT_TARGET = 4.1;
				"PROVISIONING_PROFILE[sdk=iphoneos*]" = "";
				SDKROOT = iphoneos;
				TARGETED_DEVICE_FAMILY = "1,2";
			};
			name = Debug;
		};
		C01FCF5008A954540054247B /* Release */ = {
			isa = XCBuildConfiguration;
			buildSettings = {
				ARCHS = "$(ARCHS_STANDARD_32_BIT)";
				"CODE_SIGN_IDENTITY[sdk=iphoneos*]" = "iPhone Developer";
				GCC_C_LANGUAGE_STANDARD = c99;
				GCC_PREPROCESSOR_DEFINITIONS = __IOS__;
				GCC_WARN_ABOUT_RETURN_TYPE = YES;
				GCC_WARN_UNUSED_VARIABLE = YES;
				HEADER_SEARCH_PATHS = "../../Engine/Physics/Bullet/bullet-2.77/src/**";
				IPHONEOS_DEPLOYMENT_TARGET = 4.1;
				OTHER_CFLAGS = "-DNS_BLOCK_ASSERTIONS=1";
				SDKROOT = iphoneos;
				TARGETED_DEVICE_FAMILY = "1,2";
			};
			name = Release;
		};
/* End XCBuildConfiguration section */

/* Begin XCConfigurationList section */
		1D6058960D05DD3E006BFB54 /* Build configuration list for PBXNativeTarget "sgPanels" */ = {
			isa = XCConfigurationList;
			buildConfigurations = (
				1D6058940D05DD3E006BFB54 /* Debug */,
				1D6058950D05DD3E006BFB54 /* Release */,
				29D7EB43117CF6B30091D933 /* AdHoc */,
			);
			defaultConfigurationIsVisible = 0;
			defaultConfigurationName = Release;
		};
		C01FCF4E08A954540054247B /* Build configuration list for PBXProject "sgPanels" */ = {
			isa = XCConfigurationList;
			buildConfigurations = (
				C01FCF4F08A954540054247B /* Debug */,
				C01FCF5008A954540054247B /* Release */,
				29D7EB42117CF6B30091D933 /* AdHoc */,
			);
			defaultConfigurationIsVisible = 0;
			defaultConfigurationName = Release;
		};
/* End XCConfigurationList section */
	};
	rootObject = 29B97313FDCFA39411CA2CEA /* Project object */;
}
