// !$*UTF8*$!
{
	archiveVersion = 1;
	classes = {
	};
	objectVersion = 46;
	objects = {

/* Begin PBXBuildFile section */
		1D60589F0D05DD5A006BFB54 /* Foundation.framework in Frameworks */ = {isa = PBXBuildFile; fileRef = 1D30AB110D05D00D00671497 /* Foundation.framework */; };
		1DF5F4E00D08C38300B7A737 /* UIKit.framework in Frameworks */ = {isa = PBXBuildFile; fileRef = 1DF5F4DF0D08C38300B7A737 /* UIKit.framework */; };
		28FD15000DC6FC520079059D /* OpenGLES.framework in Frameworks */ = {isa = PBXBuildFile; fileRef = 28FD14FF0DC6FC520079059D /* OpenGLES.framework */; };
		28FD15080DC6FC5B0079059D /* QuartzCore.framework in Frameworks */ = {isa = PBXBuildFile; fileRef = 28FD15070DC6FC5B0079059D /* QuartzCore.framework */; };
		2910C4E113E41E7C00F1C0D2 /* iSDGE.framework in Frameworks */ = {isa = PBXBuildFile; fileRef = 2910C4DF13E41A0E00F1C0D2 /* iSDGE.framework */; };
		293AC74C137E8ECB00403584 /* Default.png in Resources */ = {isa = PBXBuildFile; fileRef = 293AC6BD137E8ECA00403584 /* Default.png */; };
		293AC74D137E8ECB00403584 /* Default@2x.png in Resources */ = {isa = PBXBuildFile; fileRef = 293AC6BE137E8ECA00403584 /* Default@2x.png */; };
		293AC74E137E8ECB00403584 /* Icon-72.png in Resources */ = {isa = PBXBuildFile; fileRef = 293AC6BF137E8ECA00403584 /* Icon-72.png */; };
		293AC74F137E8ECB00403584 /* Icon-Small-50.png in Resources */ = {isa = PBXBuildFile; fileRef = 293AC6C0137E8ECA00403584 /* Icon-Small-50.png */; };
		293AC750137E8ECB00403584 /* Icon-Small.png in Resources */ = {isa = PBXBuildFile; fileRef = 293AC6C1137E8ECA00403584 /* Icon-Small.png */; };
		293AC751137E8ECB00403584 /* Icon-Small@2x.png in Resources */ = {isa = PBXBuildFile; fileRef = 293AC6C2137E8ECA00403584 /* Icon-Small@2x.png */; };
		293AC752137E8ECB00403584 /* Icon.png in Resources */ = {isa = PBXBuildFile; fileRef = 293AC6C3137E8ECA00403584 /* Icon.png */; };
		293AC753137E8ECB00403584 /* Icon@2x.png in Resources */ = {isa = PBXBuildFile; fileRef = 293AC6C4137E8ECA00403584 /* Icon@2x.png */; };
		293AC7B2137E8ECB00403584 /* font1.png in Resources */ = {isa = PBXBuildFile; fileRef = 293AC739137E8ECB00403584 /* font1.png */; };
		293AC7B8137E8ECB00403584 /* sand.png in Resources */ = {isa = PBXBuildFile; fileRef = 293AC73F137E8ECB00403584 /* sand.png */; };
		293AC7C6137E9DF200403584 /* OpenAL.framework in Frameworks */ = {isa = PBXBuildFile; fileRef = 293AC7C5137E9DF200403584 /* OpenAL.framework */; };
		293AC7D7137EB24400403584 /* AudioToolbox.framework in Frameworks */ = {isa = PBXBuildFile; fileRef = 293AC7D6137EB24400403584 /* AudioToolbox.framework */; };
		2944FEF913E35B29007C28C4 /* iSDGE.bundle in Resources */ = {isa = PBXBuildFile; fileRef = 2944FEF513E35A62007C28C4 /* iSDGE.bundle */; };
		2952EEAE117A6F90006FAB6F /* CoreGraphics.framework in Frameworks */ = {isa = PBXBuildFile; fileRef = 2952EEAD117A6F90006FAB6F /* CoreGraphics.framework */; };
		2953F3FF145344A90033983E /* kiste.sgm in Resources */ = {isa = PBXBuildFile; fileRef = 2953F3BF145344A90033983E /* kiste.sgm */; };
		2953F400145344A90033983E /* kiste_diffuse.png in Resources */ = {isa = PBXBuildFile; fileRef = 2953F3C0145344A90033983E /* kiste_diffuse.png */; };
		2953F401145344A90033983E /* kiste_normal.png in Resources */ = {isa = PBXBuildFile; fileRef = 2953F3C1145344A90033983E /* kiste_normal.png */; };
		2953F402145344A90033983E /* door1.sgm in Resources */ = {isa = PBXBuildFile; fileRef = 2953F3C3145344A90033983E /* door1.sgm */; };
		2953F403145344A90033983E /* door2.sgm in Resources */ = {isa = PBXBuildFile; fileRef = 2953F3C4145344A90033983E /* door2.sgm */; };
		2953F405145344A90033983E /* hauptmodul.png in Resources */ = {isa = PBXBuildFile; fileRef = 2953F3C6145344A90033983E /* hauptmodul.png */; };
		2953F406145344A90033983E /* hauptmodul_normal.png in Resources */ = {isa = PBXBuildFile; fileRef = 2953F3C7145344A90033983E /* hauptmodul_normal.png */; };
		2953F407145344A90033983E /* lightmap.png in Resources */ = {isa = PBXBuildFile; fileRef = 2953F3C8145344A90033983E /* lightmap.png */; };
		2953F408145344A90033983E /* space_room.sgm in Resources */ = {isa = PBXBuildFile; fileRef = 2953F3C9145344A90033983E /* space_room.sgm */; };
		2953F40A145344A90033983E /* wandmodul.png in Resources */ = {isa = PBXBuildFile; fileRef = 2953F3CB145344A90033983E /* wandmodul.png */; };
		2953F40B145344A90033983E /* wandmodul_normal.png in Resources */ = {isa = PBXBuildFile; fileRef = 2953F3CC145344A90033983E /* wandmodul_normal.png */; };
		2953F412145344A90033983E /* License.rtf in Resources */ = {isa = PBXBuildFile; fileRef = 2953F3D5145344A90033983E /* License.rtf */; };
		2953F413145344A90033983E /* space.png in Resources */ = {isa = PBXBuildFile; fileRef = 2953F3D6145344A90033983E /* space.png */; };
		2953F414145344A90033983E /* spacecraft.sgm in Resources */ = {isa = PBXBuildFile; fileRef = 2953F3D7145344A90033983E /* spacecraft.sgm */; };
		2953F415145344A90033983E /* f360.blend in Resources */ = {isa = PBXBuildFile; fileRef = 2953F3DA145344A90033983E /* f360.blend */; };
		2953F416145344A90033983E /* f360.sgm in Resources */ = {isa = PBXBuildFile; fileRef = 2953F3DB145344A90033983E /* f360.sgm */; };
		2953F417145344A90033983E /* fskinr.png in Resources */ = {isa = PBXBuildFile; fileRef = 2953F3DC145344A90033983E /* fskinr.png */; };
		2953F419145344A90033983E /* jeep2.blend in Resources */ = {isa = PBXBuildFile; fileRef = 2953F3DF145344A90033983E /* jeep2.blend */; };
		2953F41A145344A90033983E /* jeep2.png in Resources */ = {isa = PBXBuildFile; fileRef = 2953F3E0145344A90033983E /* jeep2.png */; };
		2953F41B145344A90033983E /* jeep2.sgm in Resources */ = {isa = PBXBuildFile; fileRef = 2953F3E1145344A90033983E /* jeep2.sgm */; };
		2953F41D145344A90033983E /* haus.blend in Resources */ = {isa = PBXBuildFile; fileRef = 2953F3E5145344A90033983E /* haus.blend */; };
		2953F41E145344A90033983E /* haus.sgm in Resources */ = {isa = PBXBuildFile; fileRef = 2953F3E6145344A90033983E /* haus.sgm */; };
		2953F420145344A90033983E /* room.blend in Resources */ = {isa = PBXBuildFile; fileRef = 2953F3E9145344A90033983E /* room.blend */; };
		2953F423145344A90033983E /* room.png in Resources */ = {isa = PBXBuildFile; fileRef = 2953F3EC145344A90033983E /* room.png */; };
		2953F424145344A90033983E /* room.sgm in Resources */ = {isa = PBXBuildFile; fileRef = 2953F3ED145344A90033983E /* room.sgm */; };
		2953F425145344A90033983E /* roomlight.png in Resources */ = {isa = PBXBuildFile; fileRef = 2953F3EE145344A90033983E /* roomlight.png */; };
		2953F428145346220033983E /* tiles.png in Resources */ = {isa = PBXBuildFile; fileRef = 2953F426145346220033983E /* tiles.png */; };
		2953F429145346220033983E /* wall.png in Resources */ = {isa = PBXBuildFile; fileRef = 2953F427145346220033983E /* wall.png */; };
		295CBF5D1215861700F1F941 /* main.cpp in Sources */ = {isa = PBXBuildFile; fileRef = 295CBF5B1215861700F1F941 /* main.cpp */; };
		295CBF69121587B300F1F941 /* AnimTest.cpp in Sources */ = {isa = PBXBuildFile; fileRef = 295CBF67121587B300F1F941 /* AnimTest.cpp */; };
		296D1DE61429133F003308A5 /* animationsbloecke.sgm in Resources */ = {isa = PBXBuildFile; fileRef = 296D1DE41429133F003308A5 /* animationsbloecke.sgm */; };
		296D1DE71429133F003308A5 /* dogtexklein.png in Resources */ = {isa = PBXBuildFile; fileRef = 296D1DE51429133F003308A5 /* dogtexklein.png */; };
		29CAC53B142B78CB003DBECD /* 3bones.sgm in Resources */ = {isa = PBXBuildFile; fileRef = 29CAC53A142B78CB003DBECD /* 3bones.sgm */; };
		C074384916D44C12009AA298 /* sky_back.png in Resources */ = {isa = PBXBuildFile; fileRef = C074384316D44C12009AA298 /* sky_back.png */; };
		C074384A16D44C12009AA298 /* sky_down.png in Resources */ = {isa = PBXBuildFile; fileRef = C074384416D44C12009AA298 /* sky_down.png */; };
		C074384B16D44C12009AA298 /* sky_front.png in Resources */ = {isa = PBXBuildFile; fileRef = C074384516D44C12009AA298 /* sky_front.png */; };
		C074384C16D44C12009AA298 /* sky_left.png in Resources */ = {isa = PBXBuildFile; fileRef = C074384616D44C12009AA298 /* sky_left.png */; };
		C074384D16D44C12009AA298 /* sky_right.png in Resources */ = {isa = PBXBuildFile; fileRef = C074384716D44C12009AA298 /* sky_right.png */; };
		C074384E16D44C12009AA298 /* sky_up.png in Resources */ = {isa = PBXBuildFile; fileRef = C074384816D44C12009AA298 /* sky_up.png */; };
		C08FE3B616BA219D0044C312 /* anim.fsh in Resources */ = {isa = PBXBuildFile; fileRef = C08FE3B416BA219D0044C312 /* anim.fsh */; };
		C08FE3B716BA219D0044C312 /* anim.vsh in Resources */ = {isa = PBXBuildFile; fileRef = C08FE3B516BA219D0044C312 /* anim.vsh */; };
		C0906FC516C1D21200A1A002 /* background.png in Resources */ = {isa = PBXBuildFile; fileRef = C0906F9016C1D21100A1A002 /* background.png */; };
		C0906FC616C1D21200A1A002 /* background_ddn.png in Resources */ = {isa = PBXBuildFile; fileRef = C0906F9116C1D21100A1A002 /* background_ddn.png */; };
		C0906FC716C1D21200A1A002 /* chain_texture.png in Resources */ = {isa = PBXBuildFile; fileRef = C0906F9216C1D21100A1A002 /* chain_texture.png */; };
		C0906FC816C1D21200A1A002 /* chain_texture_ddn.png in Resources */ = {isa = PBXBuildFile; fileRef = C0906F9316C1D21100A1A002 /* chain_texture_ddn.png */; };
		C0906FCA16C1D21200A1A002 /* lion.png in Resources */ = {isa = PBXBuildFile; fileRef = C0906F9516C1D21100A1A002 /* lion.png */; };
		C0906FCB16C1D21200A1A002 /* lion2_ddn.png in Resources */ = {isa = PBXBuildFile; fileRef = C0906F9616C1D21100A1A002 /* lion2_ddn.png */; };
		C0906FCC16C1D21200A1A002 /* lion_ddn.png in Resources */ = {isa = PBXBuildFile; fileRef = C0906F9716C1D21100A1A002 /* lion_ddn.png */; };
		C0906FCD16C1D21200A1A002 /* spnza_bricks_a_ddn.png in Resources */ = {isa = PBXBuildFile; fileRef = C0906F9816C1D21100A1A002 /* spnza_bricks_a_ddn.png */; };
		C0906FCE16C1D21200A1A002 /* spnza_bricks_a_diff.png in Resources */ = {isa = PBXBuildFile; fileRef = C0906F9916C1D21100A1A002 /* spnza_bricks_a_diff.png */; };
		C0906FCF16C1D21200A1A002 /* spnza_bricks_a_spec.png in Resources */ = {isa = PBXBuildFile; fileRef = C0906F9A16C1D21100A1A002 /* spnza_bricks_a_spec.png */; };
		C0906FD016C1D21200A1A002 /* sponza.sgm in Resources */ = {isa = PBXBuildFile; fileRef = C0906F9B16C1D21100A1A002 /* sponza.sgm */; };
		C0906FD116C1D21200A1A002 /* sponza_arch_ddn.png in Resources */ = {isa = PBXBuildFile; fileRef = C0906F9C16C1D21100A1A002 /* sponza_arch_ddn.png */; };
		C0906FD216C1D21200A1A002 /* sponza_arch_diff.png in Resources */ = {isa = PBXBuildFile; fileRef = C0906F9D16C1D21100A1A002 /* sponza_arch_diff.png */; };
		C0906FD316C1D21200A1A002 /* sponza_arch_spec.png in Resources */ = {isa = PBXBuildFile; fileRef = C0906F9E16C1D21100A1A002 /* sponza_arch_spec.png */; };
		C0906FD416C1D21200A1A002 /* sponza_ceiling_a_diff.png in Resources */ = {isa = PBXBuildFile; fileRef = C0906F9F16C1D21100A1A002 /* sponza_ceiling_a_diff.png */; };
		C0906FD516C1D21200A1A002 /* sponza_ceiling_a_spec.png in Resources */ = {isa = PBXBuildFile; fileRef = C0906FA016C1D21100A1A002 /* sponza_ceiling_a_spec.png */; };
		C0906FD616C1D21200A1A002 /* sponza_column_a_ddn.png in Resources */ = {isa = PBXBuildFile; fileRef = C0906FA116C1D21100A1A002 /* sponza_column_a_ddn.png */; };
		C0906FD716C1D21200A1A002 /* sponza_column_a_diff.png in Resources */ = {isa = PBXBuildFile; fileRef = C0906FA216C1D21100A1A002 /* sponza_column_a_diff.png */; };
		C0906FD816C1D21200A1A002 /* sponza_column_a_spec.png in Resources */ = {isa = PBXBuildFile; fileRef = C0906FA316C1D21100A1A002 /* sponza_column_a_spec.png */; };
		C0906FD916C1D21200A1A002 /* sponza_column_b_ddn.png in Resources */ = {isa = PBXBuildFile; fileRef = C0906FA416C1D21100A1A002 /* sponza_column_b_ddn.png */; };
		C0906FDA16C1D21200A1A002 /* sponza_column_b_diff.png in Resources */ = {isa = PBXBuildFile; fileRef = C0906FA516C1D21100A1A002 /* sponza_column_b_diff.png */; };
		C0906FDB16C1D21200A1A002 /* sponza_column_b_spec.png in Resources */ = {isa = PBXBuildFile; fileRef = C0906FA616C1D21100A1A002 /* sponza_column_b_spec.png */; };
		C0906FDC16C1D21200A1A002 /* sponza_column_c_ddn.png in Resources */ = {isa = PBXBuildFile; fileRef = C0906FA716C1D21100A1A002 /* sponza_column_c_ddn.png */; };
		C0906FDD16C1D21200A1A002 /* sponza_column_c_diff.png in Resources */ = {isa = PBXBuildFile; fileRef = C0906FA816C1D21100A1A002 /* sponza_column_c_diff.png */; };
		C0906FDE16C1D21200A1A002 /* sponza_column_c_spec.png in Resources */ = {isa = PBXBuildFile; fileRef = C0906FA916C1D21100A1A002 /* sponza_column_c_spec.png */; };
		C0906FDF16C1D21200A1A002 /* sponza_curtain_blue_diff.png in Resources */ = {isa = PBXBuildFile; fileRef = C0906FAA16C1D21100A1A002 /* sponza_curtain_blue_diff.png */; };
		C0906FE016C1D21200A1A002 /* sponza_curtain_diff.png in Resources */ = {isa = PBXBuildFile; fileRef = C0906FAB16C1D21100A1A002 /* sponza_curtain_diff.png */; };
		C0906FE116C1D21200A1A002 /* sponza_curtain_green_diff.png in Resources */ = {isa = PBXBuildFile; fileRef = C0906FAC16C1D21100A1A002 /* sponza_curtain_green_diff.png */; };
		C0906FE216C1D21200A1A002 /* sponza_details_diff.png in Resources */ = {isa = PBXBuildFile; fileRef = C0906FAD16C1D21100A1A002 /* sponza_details_diff.png */; };
		C0906FE316C1D21200A1A002 /* sponza_details_spec.png in Resources */ = {isa = PBXBuildFile; fileRef = C0906FAE16C1D21100A1A002 /* sponza_details_spec.png */; };
		C0906FE416C1D21200A1A002 /* sponza_fabric_blue_diff.png in Resources */ = {isa = PBXBuildFile; fileRef = C0906FAF16C1D21100A1A002 /* sponza_fabric_blue_diff.png */; };
		C0906FE516C1D21200A1A002 /* sponza_fabric_diff.png in Resources */ = {isa = PBXBuildFile; fileRef = C0906FB016C1D21100A1A002 /* sponza_fabric_diff.png */; };
		C0906FE616C1D21200A1A002 /* sponza_fabric_green_diff.png in Resources */ = {isa = PBXBuildFile; fileRef = C0906FB116C1D21100A1A002 /* sponza_fabric_green_diff.png */; };
		C0906FE716C1D21200A1A002 /* sponza_fabric_spec.png in Resources */ = {isa = PBXBuildFile; fileRef = C0906FB216C1D21100A1A002 /* sponza_fabric_spec.png */; };
		C0906FE816C1D21200A1A002 /* sponza_flagpole_diff.png in Resources */ = {isa = PBXBuildFile; fileRef = C0906FB316C1D21100A1A002 /* sponza_flagpole_diff.png */; };
		C0906FE916C1D21200A1A002 /* sponza_flagpole_spec.png in Resources */ = {isa = PBXBuildFile; fileRef = C0906FB416C1D21200A1A002 /* sponza_flagpole_spec.png */; };
		C0906FEA16C1D21200A1A002 /* sponza_floor_a_diff.png in Resources */ = {isa = PBXBuildFile; fileRef = C0906FB516C1D21200A1A002 /* sponza_floor_a_diff.png */; };
		C0906FEB16C1D21200A1A002 /* sponza_floor_a_spec.png in Resources */ = {isa = PBXBuildFile; fileRef = C0906FB616C1D21200A1A002 /* sponza_floor_a_spec.png */; };
		C0906FEC16C1D21200A1A002 /* sponza_roof_diff.png in Resources */ = {isa = PBXBuildFile; fileRef = C0906FB716C1D21200A1A002 /* sponza_roof_diff.png */; };
		C0906FED16C1D21200A1A002 /* sponza_thorn_ddn.png in Resources */ = {isa = PBXBuildFile; fileRef = C0906FB816C1D21200A1A002 /* sponza_thorn_ddn.png */; };
		C0906FEE16C1D21200A1A002 /* sponza_thorn_diff.png in Resources */ = {isa = PBXBuildFile; fileRef = C0906FB916C1D21200A1A002 /* sponza_thorn_diff.png */; };
		C0906FF016C1D21200A1A002 /* sponza_thorn_spec.png in Resources */ = {isa = PBXBuildFile; fileRef = C0906FBB16C1D21200A1A002 /* sponza_thorn_spec.png */; };
		C0906FF116C1D21200A1A002 /* vase_ddn.png in Resources */ = {isa = PBXBuildFile; fileRef = C0906FBC16C1D21200A1A002 /* vase_ddn.png */; };
		C0906FF216C1D21200A1A002 /* vase_dif.png in Resources */ = {isa = PBXBuildFile; fileRef = C0906FBD16C1D21200A1A002 /* vase_dif.png */; };
		C0906FF316C1D21200A1A002 /* vase_hanging.png in Resources */ = {isa = PBXBuildFile; fileRef = C0906FBE16C1D21200A1A002 /* vase_hanging.png */; };
		C0906FF416C1D21200A1A002 /* vase_plant.png in Resources */ = {isa = PBXBuildFile; fileRef = C0906FBF16C1D21200A1A002 /* vase_plant.png */; };
		C0906FF616C1D21200A1A002 /* vase_plant_spec.png in Resources */ = {isa = PBXBuildFile; fileRef = C0906FC116C1D21200A1A002 /* vase_plant_spec.png */; };
		C0906FF716C1D21200A1A002 /* vase_round.png in Resources */ = {isa = PBXBuildFile; fileRef = C0906FC216C1D21200A1A002 /* vase_round.png */; };
		C0906FF816C1D21200A1A002 /* vase_round_ddn.png in Resources */ = {isa = PBXBuildFile; fileRef = C0906FC316C1D21200A1A002 /* vase_round_ddn.png */; };
		C0906FF916C1D21200A1A002 /* vase_round_spec.png in Resources */ = {isa = PBXBuildFile; fileRef = C0906FC416C1D21200A1A002 /* vase_round_spec.png */; };
		C09EDB8116E4EFA300773414 /* simplegirl.png in Resources */ = {isa = PBXBuildFile; fileRef = C09EDB7E16E4EFA300773414 /* simplegirl.png */; };
		C09EDB8216E4EFA300773414 /* simplegirl.sga in Resources */ = {isa = PBXBuildFile; fileRef = C09EDB7F16E4EFA300773414 /* simplegirl.sga */; };
		C09EDB8316E4EFA300773414 /* simplegirl.sgm in Resources */ = {isa = PBXBuildFile; fileRef = C09EDB8016E4EFA300773414 /* simplegirl.sgm */; };
		C0A5357916D8632B003FF983 /* animationsbloecke.sga in Resources */ = {isa = PBXBuildFile; fileRef = C0A5357816D8632B003FF983 /* animationsbloecke.sga */; };
		C0A5358B16DAE9B9003FF983 /* mini_knight_fem.png in Resources */ = {isa = PBXBuildFile; fileRef = C0A5358816DAE9B9003FF983 /* mini_knight_fem.png */; };
		C0A5358C16DAE9B9003FF983 /* mini_knight.sga in Resources */ = {isa = PBXBuildFile; fileRef = C0A5358916DAE9B9003FF983 /* mini_knight.sga */; };
		C0A5358D16DAE9B9003FF983 /* mini_knight.sgm in Resources */ = {isa = PBXBuildFile; fileRef = C0A5358A16DAE9B9003FF983 /* mini_knight.sgm */; };
		C0C552BA16DB8B5E001A1124 /* new_thin_zombie.png in Resources */ = {isa = PBXBuildFile; fileRef = C0C552B716DB8B5E001A1124 /* new_thin_zombie.png */; };
		C0C552BB16DB8B5E001A1124 /* new_thin_zombie.sga in Resources */ = {isa = PBXBuildFile; fileRef = C0C552B816DB8B5E001A1124 /* new_thin_zombie.sga */; };
		C0C552BC16DB8B5E001A1124 /* new_thin_zombie.sgm in Resources */ = {isa = PBXBuildFile; fileRef = C0C552B916DB8B5E001A1124 /* new_thin_zombie.sgm */; };
		C0F9053415A861D7009ED312 /* Events.cpp in Sources */ = {isa = PBXBuildFile; fileRef = C0F9053315A861D7009ED312 /* Events.cpp */; };
/* End PBXBuildFile section */

/* Begin PBXFileReference section */
		1D30AB110D05D00D00671497 /* Foundation.framework */ = {isa = PBXFileReference; lastKnownFileType = wrapper.framework; name = Foundation.framework; path = System/Library/Frameworks/Foundation.framework; sourceTree = SDKROOT; };
		1D6058910D05DD3D006BFB54 /* sgAnimation.app */ = {isa = PBXFileReference; explicitFileType = wrapper.application; includeInIndex = 0; path = sgAnimation.app; sourceTree = BUILT_PRODUCTS_DIR; };
		1DF5F4DF0D08C38300B7A737 /* UIKit.framework */ = {isa = PBXFileReference; lastKnownFileType = wrapper.framework; name = UIKit.framework; path = System/Library/Frameworks/UIKit.framework; sourceTree = SDKROOT; };
		28FD14FF0DC6FC520079059D /* OpenGLES.framework */ = {isa = PBXFileReference; lastKnownFileType = wrapper.framework; name = OpenGLES.framework; path = System/Library/Frameworks/OpenGLES.framework; sourceTree = SDKROOT; };
		28FD15070DC6FC5B0079059D /* QuartzCore.framework */ = {isa = PBXFileReference; lastKnownFileType = wrapper.framework; name = QuartzCore.framework; path = System/Library/Frameworks/QuartzCore.framework; sourceTree = SDKROOT; };
		2910C4DF13E41A0E00F1C0D2 /* iSDGE.framework */ = {isa = PBXFileReference; lastKnownFileType = wrapper.framework; path = iSDGE.framework; sourceTree = BUILT_PRODUCTS_DIR; };
		293AC6BD137E8ECA00403584 /* Default.png */ = {isa = PBXFileReference; lastKnownFileType = image.png; path = Default.png; sourceTree = "<group>"; };
		293AC6BE137E8ECA00403584 /* Default@2x.png */ = {isa = PBXFileReference; lastKnownFileType = image.png; path = "Default@2x.png"; sourceTree = "<group>"; };
		293AC6BF137E8ECA00403584 /* Icon-72.png */ = {isa = PBXFileReference; lastKnownFileType = image.png; path = "Icon-72.png"; sourceTree = "<group>"; };
		293AC6C0137E8ECA00403584 /* Icon-Small-50.png */ = {isa = PBXFileReference; lastKnownFileType = image.png; path = "Icon-Small-50.png"; sourceTree = "<group>"; };
		293AC6C1137E8ECA00403584 /* Icon-Small.png */ = {isa = PBXFileReference; lastKnownFileType = image.png; path = "Icon-Small.png"; sourceTree = "<group>"; };
		293AC6C2137E8ECA00403584 /* Icon-Small@2x.png */ = {isa = PBXFileReference; lastKnownFileType = image.png; path = "Icon-Small@2x.png"; sourceTree = "<group>"; };
		293AC6C3137E8ECA00403584 /* Icon.png */ = {isa = PBXFileReference; lastKnownFileType = image.png; path = Icon.png; sourceTree = "<group>"; };
		293AC6C4137E8ECA00403584 /* Icon@2x.png */ = {isa = PBXFileReference; lastKnownFileType = image.png; path = "Icon@2x.png"; sourceTree = "<group>"; };
		293AC739137E8ECB00403584 /* font1.png */ = {isa = PBXFileReference; lastKnownFileType = image.png; path = font1.png; sourceTree = "<group>"; };
		293AC73F137E8ECB00403584 /* sand.png */ = {isa = PBXFileReference; lastKnownFileType = image.png; path = sand.png; sourceTree = "<group>"; };
		293AC7C5137E9DF200403584 /* OpenAL.framework */ = {isa = PBXFileReference; lastKnownFileType = wrapper.framework; name = OpenAL.framework; path = System/Library/Frameworks/OpenAL.framework; sourceTree = SDKROOT; };
		293AC7D6137EB24400403584 /* AudioToolbox.framework */ = {isa = PBXFileReference; lastKnownFileType = wrapper.framework; name = AudioToolbox.framework; path = System/Library/Frameworks/AudioToolbox.framework; sourceTree = SDKROOT; };
		2944FEF513E35A62007C28C4 /* iSDGE.bundle */ = {isa = PBXFileReference; lastKnownFileType = "wrapper.plug-in"; path = iSDGE.bundle; sourceTree = BUILT_PRODUCTS_DIR; };
		2952EEAD117A6F90006FAB6F /* CoreGraphics.framework */ = {isa = PBXFileReference; lastKnownFileType = wrapper.framework; name = CoreGraphics.framework; path = System/Library/Frameworks/CoreGraphics.framework; sourceTree = SDKROOT; };
		2953F3BF145344A90033983E /* kiste.sgm */ = {isa = PBXFileReference; lastKnownFileType = file; path = kiste.sgm; sourceTree = "<group>"; };
		2953F3C0145344A90033983E /* kiste_diffuse.png */ = {isa = PBXFileReference; lastKnownFileType = image.png; path = kiste_diffuse.png; sourceTree = "<group>"; };
		2953F3C1145344A90033983E /* kiste_normal.png */ = {isa = PBXFileReference; lastKnownFileType = image.png; path = kiste_normal.png; sourceTree = "<group>"; };
		2953F3C3145344A90033983E /* door1.sgm */ = {isa = PBXFileReference; lastKnownFileType = file; path = door1.sgm; sourceTree = "<group>"; };
		2953F3C4145344A90033983E /* door2.sgm */ = {isa = PBXFileReference; lastKnownFileType = file; path = door2.sgm; sourceTree = "<group>"; };
		2953F3C6145344A90033983E /* hauptmodul.png */ = {isa = PBXFileReference; lastKnownFileType = image.png; path = hauptmodul.png; sourceTree = "<group>"; };
		2953F3C7145344A90033983E /* hauptmodul_normal.png */ = {isa = PBXFileReference; lastKnownFileType = image.png; path = hauptmodul_normal.png; sourceTree = "<group>"; };
		2953F3C8145344A90033983E /* lightmap.png */ = {isa = PBXFileReference; lastKnownFileType = image.png; path = lightmap.png; sourceTree = "<group>"; };
		2953F3C9145344A90033983E /* space_room.sgm */ = {isa = PBXFileReference; lastKnownFileType = file; path = space_room.sgm; sourceTree = "<group>"; };
		2953F3CB145344A90033983E /* wandmodul.png */ = {isa = PBXFileReference; lastKnownFileType = image.png; path = wandmodul.png; sourceTree = "<group>"; };
		2953F3CC145344A90033983E /* wandmodul_normal.png */ = {isa = PBXFileReference; lastKnownFileType = image.png; path = wandmodul_normal.png; sourceTree = "<group>"; };
		2953F3D5145344A90033983E /* License.rtf */ = {isa = PBXFileReference; fileEncoding = 4; lastKnownFileType = text.rtf; path = License.rtf; sourceTree = "<group>"; };
		2953F3D6145344A90033983E /* space.png */ = {isa = PBXFileReference; lastKnownFileType = image.png; path = space.png; sourceTree = "<group>"; };
		2953F3D7145344A90033983E /* spacecraft.sgm */ = {isa = PBXFileReference; lastKnownFileType = file; path = spacecraft.sgm; sourceTree = "<group>"; };
		2953F3DA145344A90033983E /* f360.blend */ = {isa = PBXFileReference; lastKnownFileType = file; path = f360.blend; sourceTree = "<group>"; };
		2953F3DB145344A90033983E /* f360.sgm */ = {isa = PBXFileReference; lastKnownFileType = file; path = f360.sgm; sourceTree = "<group>"; };
		2953F3DC145344A90033983E /* fskinr.png */ = {isa = PBXFileReference; lastKnownFileType = image.png; path = fskinr.png; sourceTree = "<group>"; };
		2953F3DF145344A90033983E /* jeep2.blend */ = {isa = PBXFileReference; lastKnownFileType = file; path = jeep2.blend; sourceTree = "<group>"; };
		2953F3E0145344A90033983E /* jeep2.png */ = {isa = PBXFileReference; lastKnownFileType = image.png; path = jeep2.png; sourceTree = "<group>"; };
		2953F3E1145344A90033983E /* jeep2.sgm */ = {isa = PBXFileReference; lastKnownFileType = file; path = jeep2.sgm; sourceTree = "<group>"; };
		2953F3E5145344A90033983E /* haus.blend */ = {isa = PBXFileReference; lastKnownFileType = file; path = haus.blend; sourceTree = "<group>"; };
		2953F3E6145344A90033983E /* haus.sgm */ = {isa = PBXFileReference; lastKnownFileType = file; path = haus.sgm; sourceTree = "<group>"; };
		2953F3E9145344A90033983E /* room.blend */ = {isa = PBXFileReference; lastKnownFileType = file; path = room.blend; sourceTree = "<group>"; };
		2953F3EC145344A90033983E /* room.png */ = {isa = PBXFileReference; lastKnownFileType = image.png; path = room.png; sourceTree = "<group>"; };
		2953F3ED145344A90033983E /* room.sgm */ = {isa = PBXFileReference; lastKnownFileType = file; path = room.sgm; sourceTree = "<group>"; };
		2953F3EE145344A90033983E /* roomlight.png */ = {isa = PBXFileReference; lastKnownFileType = image.png; path = roomlight.png; sourceTree = "<group>"; };
		2953F426145346220033983E /* tiles.png */ = {isa = PBXFileReference; lastKnownFileType = image.png; path = tiles.png; sourceTree = "<group>"; };
		2953F427145346220033983E /* wall.png */ = {isa = PBXFileReference; lastKnownFileType = image.png; path = wall.png; sourceTree = "<group>"; };
		295CBF591215861700F1F941 /* Events.h */ = {isa = PBXFileReference; fileEncoding = 4; lastKnownFileType = sourcecode.c.h; path = Events.h; sourceTree = "<group>"; };
		295CBF5B1215861700F1F941 /* main.cpp */ = {isa = PBXFileReference; fileEncoding = 4; lastKnownFileType = sourcecode.cpp.cpp; path = main.cpp; sourceTree = "<group>"; };
		295CBF67121587B300F1F941 /* AnimTest.cpp */ = {isa = PBXFileReference; fileEncoding = 4; lastKnownFileType = sourcecode.cpp.cpp; path = AnimTest.cpp; sourceTree = "<group>"; };
		295CBF68121587B300F1F941 /* AnimTest.h */ = {isa = PBXFileReference; fileEncoding = 4; lastKnownFileType = sourcecode.c.h; path = AnimTest.h; sourceTree = "<group>"; };
		296D1DE41429133F003308A5 /* animationsbloecke.sgm */ = {isa = PBXFileReference; lastKnownFileType = file; name = animationsbloecke.sgm; path = Media/animationsbloecke.sgm; sourceTree = SOURCE_ROOT; };
		296D1DE51429133F003308A5 /* dogtexklein.png */ = {isa = PBXFileReference; lastKnownFileType = image.png; name = dogtexklein.png; path = Media/dogtexklein.png; sourceTree = SOURCE_ROOT; };
		296D1DE8142914DF003308A5 /* sgAnimation-Info.plist */ = {isa = PBXFileReference; lastKnownFileType = text.plist.xml; path = "sgAnimation-Info.plist"; sourceTree = "<group>"; };
		29CAC53A142B78CB003DBECD /* 3bones.sgm */ = {isa = PBXFileReference; lastKnownFileType = file; name = 3bones.sgm; path = Media/3bones.sgm; sourceTree = SOURCE_ROOT; };
		C074384316D44C12009AA298 /* sky_back.png */ = {isa = PBXFileReference; lastKnownFileType = image.png; path = sky_back.png; sourceTree = "<group>"; };
		C074384416D44C12009AA298 /* sky_down.png */ = {isa = PBXFileReference; lastKnownFileType = image.png; path = sky_down.png; sourceTree = "<group>"; };
		C074384516D44C12009AA298 /* sky_front.png */ = {isa = PBXFileReference; lastKnownFileType = image.png; path = sky_front.png; sourceTree = "<group>"; };
		C074384616D44C12009AA298 /* sky_left.png */ = {isa = PBXFileReference; lastKnownFileType = image.png; path = sky_left.png; sourceTree = "<group>"; };
		C074384716D44C12009AA298 /* sky_right.png */ = {isa = PBXFileReference; lastKnownFileType = image.png; path = sky_right.png; sourceTree = "<group>"; };
		C074384816D44C12009AA298 /* sky_up.png */ = {isa = PBXFileReference; lastKnownFileType = image.png; path = sky_up.png; sourceTree = "<group>"; };
		C08FE3B416BA219D0044C312 /* anim.fsh */ = {isa = PBXFileReference; fileEncoding = 4; lastKnownFileType = sourcecode.glsl; name = anim.fsh; path = Media/anim.fsh; sourceTree = SOURCE_ROOT; };
		C08FE3B516BA219D0044C312 /* anim.vsh */ = {isa = PBXFileReference; fileEncoding = 4; lastKnownFileType = sourcecode.glsl; name = anim.vsh; path = Media/anim.vsh; sourceTree = SOURCE_ROOT; };
		C0906F9016C1D21100A1A002 /* background.png */ = {isa = PBXFileReference; lastKnownFileType = image.png; path = background.png; sourceTree = "<group>"; };
		C0906F9116C1D21100A1A002 /* background_ddn.png */ = {isa = PBXFileReference; lastKnownFileType = image.png; path = background_ddn.png; sourceTree = "<group>"; };
		C0906F9216C1D21100A1A002 /* chain_texture.png */ = {isa = PBXFileReference; lastKnownFileType = image.png; path = chain_texture.png; sourceTree = "<group>"; };
		C0906F9316C1D21100A1A002 /* chain_texture_ddn.png */ = {isa = PBXFileReference; lastKnownFileType = image.png; path = chain_texture_ddn.png; sourceTree = "<group>"; };
		C0906F9516C1D21100A1A002 /* lion.png */ = {isa = PBXFileReference; lastKnownFileType = image.png; path = lion.png; sourceTree = "<group>"; };
		C0906F9616C1D21100A1A002 /* lion2_ddn.png */ = {isa = PBXFileReference; lastKnownFileType = image.png; path = lion2_ddn.png; sourceTree = "<group>"; };
		C0906F9716C1D21100A1A002 /* lion_ddn.png */ = {isa = PBXFileReference; lastKnownFileType = image.png; path = lion_ddn.png; sourceTree = "<group>"; };
		C0906F9816C1D21100A1A002 /* spnza_bricks_a_ddn.png */ = {isa = PBXFileReference; lastKnownFileType = image.png; path = spnza_bricks_a_ddn.png; sourceTree = "<group>"; };
		C0906F9916C1D21100A1A002 /* spnza_bricks_a_diff.png */ = {isa = PBXFileReference; lastKnownFileType = image.png; path = spnza_bricks_a_diff.png; sourceTree = "<group>"; };
		C0906F9A16C1D21100A1A002 /* spnza_bricks_a_spec.png */ = {isa = PBXFileReference; lastKnownFileType = image.png; path = spnza_bricks_a_spec.png; sourceTree = "<group>"; };
		C0906F9B16C1D21100A1A002 /* sponza.sgm */ = {isa = PBXFileReference; explicitFileType = text; path = sponza.sgm; sourceTree = "<group>"; };
		C0906F9C16C1D21100A1A002 /* sponza_arch_ddn.png */ = {isa = PBXFileReference; lastKnownFileType = image.png; path = sponza_arch_ddn.png; sourceTree = "<group>"; };
		C0906F9D16C1D21100A1A002 /* sponza_arch_diff.png */ = {isa = PBXFileReference; lastKnownFileType = image.png; path = sponza_arch_diff.png; sourceTree = "<group>"; };
		C0906F9E16C1D21100A1A002 /* sponza_arch_spec.png */ = {isa = PBXFileReference; lastKnownFileType = image.png; path = sponza_arch_spec.png; sourceTree = "<group>"; };
		C0906F9F16C1D21100A1A002 /* sponza_ceiling_a_diff.png */ = {isa = PBXFileReference; lastKnownFileType = image.png; path = sponza_ceiling_a_diff.png; sourceTree = "<group>"; };
		C0906FA016C1D21100A1A002 /* sponza_ceiling_a_spec.png */ = {isa = PBXFileReference; lastKnownFileType = image.png; path = sponza_ceiling_a_spec.png; sourceTree = "<group>"; };
		C0906FA116C1D21100A1A002 /* sponza_column_a_ddn.png */ = {isa = PBXFileReference; lastKnownFileType = image.png; path = sponza_column_a_ddn.png; sourceTree = "<group>"; };
		C0906FA216C1D21100A1A002 /* sponza_column_a_diff.png */ = {isa = PBXFileReference; lastKnownFileType = image.png; path = sponza_column_a_diff.png; sourceTree = "<group>"; };
		C0906FA316C1D21100A1A002 /* sponza_column_a_spec.png */ = {isa = PBXFileReference; lastKnownFileType = image.png; path = sponza_column_a_spec.png; sourceTree = "<group>"; };
		C0906FA416C1D21100A1A002 /* sponza_column_b_ddn.png */ = {isa = PBXFileReference; lastKnownFileType = image.png; path = sponza_column_b_ddn.png; sourceTree = "<group>"; };
		C0906FA516C1D21100A1A002 /* sponza_column_b_diff.png */ = {isa = PBXFileReference; lastKnownFileType = image.png; path = sponza_column_b_diff.png; sourceTree = "<group>"; };
		C0906FA616C1D21100A1A002 /* sponza_column_b_spec.png */ = {isa = PBXFileReference; lastKnownFileType = image.png; path = sponza_column_b_spec.png; sourceTree = "<group>"; };
		C0906FA716C1D21100A1A002 /* sponza_column_c_ddn.png */ = {isa = PBXFileReference; lastKnownFileType = image.png; path = sponza_column_c_ddn.png; sourceTree = "<group>"; };
		C0906FA816C1D21100A1A002 /* sponza_column_c_diff.png */ = {isa = PBXFileReference; lastKnownFileType = image.png; path = sponza_column_c_diff.png; sourceTree = "<group>"; };
		C0906FA916C1D21100A1A002 /* sponza_column_c_spec.png */ = {isa = PBXFileReference; lastKnownFileType = image.png; path = sponza_column_c_spec.png; sourceTree = "<group>"; };
		C0906FAA16C1D21100A1A002 /* sponza_curtain_blue_diff.png */ = {isa = PBXFileReference; lastKnownFileType = image.png; path = sponza_curtain_blue_diff.png; sourceTree = "<group>"; };
		C0906FAB16C1D21100A1A002 /* sponza_curtain_diff.png */ = {isa = PBXFileReference; lastKnownFileType = image.png; path = sponza_curtain_diff.png; sourceTree = "<group>"; };
		C0906FAC16C1D21100A1A002 /* sponza_curtain_green_diff.png */ = {isa = PBXFileReference; lastKnownFileType = image.png; path = sponza_curtain_green_diff.png; sourceTree = "<group>"; };
		C0906FAD16C1D21100A1A002 /* sponza_details_diff.png */ = {isa = PBXFileReference; lastKnownFileType = image.png; path = sponza_details_diff.png; sourceTree = "<group>"; };
		C0906FAE16C1D21100A1A002 /* sponza_details_spec.png */ = {isa = PBXFileReference; lastKnownFileType = image.png; path = sponza_details_spec.png; sourceTree = "<group>"; };
		C0906FAF16C1D21100A1A002 /* sponza_fabric_blue_diff.png */ = {isa = PBXFileReference; lastKnownFileType = image.png; path = sponza_fabric_blue_diff.png; sourceTree = "<group>"; };
		C0906FB016C1D21100A1A002 /* sponza_fabric_diff.png */ = {isa = PBXFileReference; lastKnownFileType = image.png; path = sponza_fabric_diff.png; sourceTree = "<group>"; };
		C0906FB116C1D21100A1A002 /* sponza_fabric_green_diff.png */ = {isa = PBXFileReference; lastKnownFileType = image.png; path = sponza_fabric_green_diff.png; sourceTree = "<group>"; };
		C0906FB216C1D21100A1A002 /* sponza_fabric_spec.png */ = {isa = PBXFileReference; lastKnownFileType = image.png; path = sponza_fabric_spec.png; sourceTree = "<group>"; };
		C0906FB316C1D21100A1A002 /* sponza_flagpole_diff.png */ = {isa = PBXFileReference; lastKnownFileType = image.png; path = sponza_flagpole_diff.png; sourceTree = "<group>"; };
		C0906FB416C1D21200A1A002 /* sponza_flagpole_spec.png */ = {isa = PBXFileReference; lastKnownFileType = image.png; path = sponza_flagpole_spec.png; sourceTree = "<group>"; };
		C0906FB516C1D21200A1A002 /* sponza_floor_a_diff.png */ = {isa = PBXFileReference; lastKnownFileType = image.png; path = sponza_floor_a_diff.png; sourceTree = "<group>"; };
		C0906FB616C1D21200A1A002 /* sponza_floor_a_spec.png */ = {isa = PBXFileReference; lastKnownFileType = image.png; path = sponza_floor_a_spec.png; sourceTree = "<group>"; };
		C0906FB716C1D21200A1A002 /* sponza_roof_diff.png */ = {isa = PBXFileReference; lastKnownFileType = image.png; path = sponza_roof_diff.png; sourceTree = "<group>"; };
		C0906FB816C1D21200A1A002 /* sponza_thorn_ddn.png */ = {isa = PBXFileReference; lastKnownFileType = image.png; path = sponza_thorn_ddn.png; sourceTree = "<group>"; };
		C0906FB916C1D21200A1A002 /* sponza_thorn_diff.png */ = {isa = PBXFileReference; lastKnownFileType = image.png; path = sponza_thorn_diff.png; sourceTree = "<group>"; };
		C0906FBB16C1D21200A1A002 /* sponza_thorn_spec.png */ = {isa = PBXFileReference; lastKnownFileType = image.png; path = sponza_thorn_spec.png; sourceTree = "<group>"; };
		C0906FBC16C1D21200A1A002 /* vase_ddn.png */ = {isa = PBXFileReference; lastKnownFileType = image.png; path = vase_ddn.png; sourceTree = "<group>"; };
		C0906FBD16C1D21200A1A002 /* vase_dif.png */ = {isa = PBXFileReference; lastKnownFileType = image.png; path = vase_dif.png; sourceTree = "<group>"; };
		C0906FBE16C1D21200A1A002 /* vase_hanging.png */ = {isa = PBXFileReference; lastKnownFileType = image.png; path = vase_hanging.png; sourceTree = "<group>"; };
		C0906FBF16C1D21200A1A002 /* vase_plant.png */ = {isa = PBXFileReference; lastKnownFileType = image.png; path = vase_plant.png; sourceTree = "<group>"; };
		C0906FC116C1D21200A1A002 /* vase_plant_spec.png */ = {isa = PBXFileReference; lastKnownFileType = image.png; path = vase_plant_spec.png; sourceTree = "<group>"; };
		C0906FC216C1D21200A1A002 /* vase_round.png */ = {isa = PBXFileReference; lastKnownFileType = image.png; path = vase_round.png; sourceTree = "<group>"; };
		C0906FC316C1D21200A1A002 /* vase_round_ddn.png */ = {isa = PBXFileReference; lastKnownFileType = image.png; path = vase_round_ddn.png; sourceTree = "<group>"; };
		C0906FC416C1D21200A1A002 /* vase_round_spec.png */ = {isa = PBXFileReference; lastKnownFileType = image.png; path = vase_round_spec.png; sourceTree = "<group>"; };
		C09EDB7E16E4EFA300773414 /* simplegirl.png */ = {isa = PBXFileReference; lastKnownFileType = image.png; name = simplegirl.png; path = Media/simplegirl.png; sourceTree = SOURCE_ROOT; };
		C09EDB7F16E4EFA300773414 /* simplegirl.sga */ = {isa = PBXFileReference; lastKnownFileType = file; name = simplegirl.sga; path = Media/simplegirl.sga; sourceTree = SOURCE_ROOT; };
		C09EDB8016E4EFA300773414 /* simplegirl.sgm */ = {isa = PBXFileReference; lastKnownFileType = file; name = simplegirl.sgm; path = Media/simplegirl.sgm; sourceTree = SOURCE_ROOT; };
		C0A5357816D8632B003FF983 /* animationsbloecke.sga */ = {isa = PBXFileReference; lastKnownFileType = file; name = animationsbloecke.sga; path = Media/animationsbloecke.sga; sourceTree = SOURCE_ROOT; };
		C0A5358816DAE9B9003FF983 /* mini_knight_fem.png */ = {isa = PBXFileReference; lastKnownFileType = image.png; name = mini_knight_fem.png; path = Media/mini_knight_fem.png; sourceTree = SOURCE_ROOT; };
		C0A5358916DAE9B9003FF983 /* mini_knight.sga */ = {isa = PBXFileReference; lastKnownFileType = file; name = mini_knight.sga; path = Media/mini_knight.sga; sourceTree = SOURCE_ROOT; };
		C0A5358A16DAE9B9003FF983 /* mini_knight.sgm */ = {isa = PBXFileReference; lastKnownFileType = file; name = mini_knight.sgm; path = Media/mini_knight.sgm; sourceTree = SOURCE_ROOT; };
		C0C552B716DB8B5E001A1124 /* new_thin_zombie.png */ = {isa = PBXFileReference; lastKnownFileType = image.png; name = new_thin_zombie.png; path = Media/new_thin_zombie.png; sourceTree = SOURCE_ROOT; };
		C0C552B816DB8B5E001A1124 /* new_thin_zombie.sga */ = {isa = PBXFileReference; lastKnownFileType = file; name = new_thin_zombie.sga; path = Media/new_thin_zombie.sga; sourceTree = SOURCE_ROOT; };
		C0C552B916DB8B5E001A1124 /* new_thin_zombie.sgm */ = {isa = PBXFileReference; lastKnownFileType = file; name = new_thin_zombie.sgm; path = Media/new_thin_zombie.sgm; sourceTree = SOURCE_ROOT; };
		C0F9053315A861D7009ED312 /* Events.cpp */ = {isa = PBXFileReference; explicitFileType = sourcecode.cpp.objcpp; fileEncoding = 4; path = Events.cpp; sourceTree = "<group>"; };
/* End PBXFileReference section */

/* Begin PBXFrameworksBuildPhase section */
		1D60588F0D05DD3D006BFB54 /* Frameworks */ = {
			isa = PBXFrameworksBuildPhase;
			buildActionMask = 2147483647;
			files = (
				1D60589F0D05DD5A006BFB54 /* Foundation.framework in Frameworks */,
				1DF5F4E00D08C38300B7A737 /* UIKit.framework in Frameworks */,
				28FD15000DC6FC520079059D /* OpenGLES.framework in Frameworks */,
				28FD15080DC6FC5B0079059D /* QuartzCore.framework in Frameworks */,
				2952EEAE117A6F90006FAB6F /* CoreGraphics.framework in Frameworks */,
				293AC7C6137E9DF200403584 /* OpenAL.framework in Frameworks */,
				293AC7D7137EB24400403584 /* AudioToolbox.framework in Frameworks */,
				2910C4E113E41E7C00F1C0D2 /* iSDGE.framework in Frameworks */,
			);
			runOnlyForDeploymentPostprocessing = 0;
		};
/* End PBXFrameworksBuildPhase section */

/* Begin PBXGroup section */
		19C28FACFE9D520D11CA2CBB /* Products */ = {
			isa = PBXGroup;
			children = (
				1D6058910D05DD3D006BFB54 /* sgAnimation.app */,
			);
			name = Products;
			sourceTree = "<group>";
		};
		293AC6BB137E8ECA00403584 /* Media */ = {
			isa = PBXGroup;
			children = (
				C09EDB7E16E4EFA300773414 /* simplegirl.png */,
				C09EDB7F16E4EFA300773414 /* simplegirl.sga */,
				C09EDB8016E4EFA300773414 /* simplegirl.sgm */,
				C0C552B716DB8B5E001A1124 /* new_thin_zombie.png */,
				C0C552B816DB8B5E001A1124 /* new_thin_zombie.sga */,
				C0C552B916DB8B5E001A1124 /* new_thin_zombie.sgm */,
				C0A5358816DAE9B9003FF983 /* mini_knight_fem.png */,
				C0A5358916DAE9B9003FF983 /* mini_knight.sga */,
				C0A5358A16DAE9B9003FF983 /* mini_knight.sgm */,
				C0A5357816D8632B003FF983 /* animationsbloecke.sga */,
				C0906F8F16C1D21100A1A002 /* sponza */,
				C08FE3B416BA219D0044C312 /* anim.fsh */,
				C08FE3B516BA219D0044C312 /* anim.vsh */,
				2953F3B0145344A90033983E /* lasse */,
				2953F3D4145344A90033983E /* modelcheap */,
				2953F3D8145344A90033983E /* psionic */,
				2953F3E3145344A90033983E /* selfmade */,
				29CAC53A142B78CB003DBECD /* 3bones.sgm */,
				296D1DE41429133F003308A5 /* animationsbloecke.sgm */,
				296D1DE51429133F003308A5 /* dogtexklein.png */,
				293AC6BC137E8ECA00403584 /* Device */,
				293AC735137E8ECB00403584 /* Textures */,
			);
			name = Media;
			path = ../../Media;
			sourceTree = SOURCE_ROOT;
		};
		293AC6BC137E8ECA00403584 /* Device */ = {
			isa = PBXGroup;
			children = (
				293AC6BD137E8ECA00403584 /* Default.png */,
				293AC6BE137E8ECA00403584 /* Default@2x.png */,
				293AC6BF137E8ECA00403584 /* Icon-72.png */,
				293AC6C0137E8ECA00403584 /* Icon-Small-50.png */,
				293AC6C1137E8ECA00403584 /* Icon-Small.png */,
				293AC6C2137E8ECA00403584 /* Icon-Small@2x.png */,
				293AC6C3137E8ECA00403584 /* Icon.png */,
				293AC6C4137E8ECA00403584 /* Icon@2x.png */,
			);
			path = Device;
			sourceTree = "<group>";
		};
		293AC735137E8ECB00403584 /* Textures */ = {
			isa = PBXGroup;
			children = (
				C074384316D44C12009AA298 /* sky_back.png */,
				C074384416D44C12009AA298 /* sky_down.png */,
				C074384516D44C12009AA298 /* sky_front.png */,
				C074384616D44C12009AA298 /* sky_left.png */,
				C074384716D44C12009AA298 /* sky_right.png */,
				C074384816D44C12009AA298 /* sky_up.png */,
				2953F426145346220033983E /* tiles.png */,
				2953F427145346220033983E /* wall.png */,
				293AC739137E8ECB00403584 /* font1.png */,
				293AC73F137E8ECB00403584 /* sand.png */,
			);
			path = Textures;
			sourceTree = "<group>";
		};
		2953F3B0145344A90033983E /* lasse */ = {
			isa = PBXGroup;
			children = (
				2953F3BE145344A90033983E /* scifibox */,
				2953F3C2145344A90033983E /* scifiroom */,
			);
			name = lasse;
			path = Models/lasse;
			sourceTree = "<group>";
		};
		2953F3BE145344A90033983E /* scifibox */ = {
			isa = PBXGroup;
			children = (
				2953F3BF145344A90033983E /* kiste.sgm */,
				2953F3C0145344A90033983E /* kiste_diffuse.png */,
				2953F3C1145344A90033983E /* kiste_normal.png */,
			);
			path = scifibox;
			sourceTree = "<group>";
		};
		2953F3C2145344A90033983E /* scifiroom */ = {
			isa = PBXGroup;
			children = (
				2953F3C3145344A90033983E /* door1.sgm */,
				2953F3C4145344A90033983E /* door2.sgm */,
				2953F3C6145344A90033983E /* hauptmodul.png */,
				2953F3C7145344A90033983E /* hauptmodul_normal.png */,
				2953F3C8145344A90033983E /* lightmap.png */,
				2953F3C9145344A90033983E /* space_room.sgm */,
				2953F3CB145344A90033983E /* wandmodul.png */,
				2953F3CC145344A90033983E /* wandmodul_normal.png */,
			);
			path = scifiroom;
			sourceTree = "<group>";
		};
		2953F3D4145344A90033983E /* modelcheap */ = {
			isa = PBXGroup;
			children = (
				2953F3D5145344A90033983E /* License.rtf */,
				2953F3D6145344A90033983E /* space.png */,
				2953F3D7145344A90033983E /* spacecraft.sgm */,
			);
			name = modelcheap;
			path = Models/modelcheap;
			sourceTree = "<group>";
		};
		2953F3D8145344A90033983E /* psionic */ = {
			isa = PBXGroup;
			children = (
				2953F3D9145344A90033983E /* f360 */,
				2953F3DE145344A90033983E /* jeep */,
			);
			name = psionic;
			path = Models/psionic;
			sourceTree = "<group>";
		};
		2953F3D9145344A90033983E /* f360 */ = {
			isa = PBXGroup;
			children = (
				2953F3DA145344A90033983E /* f360.blend */,
				2953F3DB145344A90033983E /* f360.sgm */,
				2953F3DC145344A90033983E /* fskinr.png */,
			);
			path = f360;
			sourceTree = "<group>";
		};
		2953F3DE145344A90033983E /* jeep */ = {
			isa = PBXGroup;
			children = (
				2953F3DF145344A90033983E /* jeep2.blend */,
				2953F3E0145344A90033983E /* jeep2.png */,
				2953F3E1145344A90033983E /* jeep2.sgm */,
			);
			path = jeep;
			sourceTree = "<group>";
		};
		2953F3E3145344A90033983E /* selfmade */ = {
			isa = PBXGroup;
			children = (
				2953F3E4145344A90033983E /* house */,
				2953F3E8145344A90033983E /* room */,
			);
			name = selfmade;
			path = Models/selfmade;
			sourceTree = "<group>";
		};
		2953F3E4145344A90033983E /* house */ = {
			isa = PBXGroup;
			children = (
				2953F3E5145344A90033983E /* haus.blend */,
				2953F3E6145344A90033983E /* haus.sgm */,
			);
			path = house;
			sourceTree = "<group>";
		};
		2953F3E8145344A90033983E /* room */ = {
			isa = PBXGroup;
			children = (
				2953F3E9145344A90033983E /* room.blend */,
				2953F3EC145344A90033983E /* room.png */,
				2953F3ED145344A90033983E /* room.sgm */,
				2953F3EE145344A90033983E /* roomlight.png */,
			);
			path = room;
			sourceTree = "<group>";
		};
		295CBF571215861700F1F941 /* Code */ = {
			isa = PBXGroup;
			children = (
				295CBF66121587B300F1F941 /* Objects */,
				295CBF581215861700F1F941 /* Main */,
			);
			path = Code;
			sourceTree = "<group>";
		};
		295CBF581215861700F1F941 /* Main */ = {
			isa = PBXGroup;
			children = (
				C0F9053315A861D7009ED312 /* Events.cpp */,
				295CBF591215861700F1F941 /* Events.h */,
				295CBF5B1215861700F1F941 /* main.cpp */,
			);
			path = Main;
			sourceTree = "<group>";
		};
		295CBF66121587B300F1F941 /* Objects */ = {
			isa = PBXGroup;
			children = (
				295CBF67121587B300F1F941 /* AnimTest.cpp */,
				295CBF68121587B300F1F941 /* AnimTest.h */,
			);
			path = Objects;
			sourceTree = "<group>";
		};
		29B97314FDCFA39411CA2CEA /* CustomTemplate */ = {
			isa = PBXGroup;
			children = (
				293AC6BB137E8ECA00403584 /* Media */,
				295CBF571215861700F1F941 /* Code */,
				29B97317FDCFA39411CA2CEA /* Resources */,
				29B97323FDCFA39411CA2CEA /* Frameworks */,
				19C28FACFE9D520D11CA2CBB /* Products */,
			);
			name = CustomTemplate;
			sourceTree = "<group>";
		};
		29B97317FDCFA39411CA2CEA /* Resources */ = {
			isa = PBXGroup;
			children = (
				296D1DE8142914DF003308A5 /* sgAnimation-Info.plist */,
			);
			name = Resources;
			sourceTree = "<group>";
		};
		29B97323FDCFA39411CA2CEA /* Frameworks */ = {
			isa = PBXGroup;
			children = (
				2944FEF513E35A62007C28C4 /* iSDGE.bundle */,
				2910C4DF13E41A0E00F1C0D2 /* iSDGE.framework */,
				293AC7C5137E9DF200403584 /* OpenAL.framework */,
				2952EEAD117A6F90006FAB6F /* CoreGraphics.framework */,
				28FD15070DC6FC5B0079059D /* QuartzCore.framework */,
				28FD14FF0DC6FC520079059D /* OpenGLES.framework */,
				1DF5F4DF0D08C38300B7A737 /* UIKit.framework */,
				1D30AB110D05D00D00671497 /* Foundation.framework */,
				293AC7D6137EB24400403584 /* AudioToolbox.framework */,
			);
			name = Frameworks;
			sourceTree = "<group>";
		};
		C0906F8F16C1D21100A1A002 /* sponza */ = {
			isa = PBXGroup;
			children = (
				C0906F9016C1D21100A1A002 /* background.png */,
				C0906F9116C1D21100A1A002 /* background_ddn.png */,
				C0906F9216C1D21100A1A002 /* chain_texture.png */,
				C0906F9316C1D21100A1A002 /* chain_texture_ddn.png */,
				C0906F9516C1D21100A1A002 /* lion.png */,
				C0906F9616C1D21100A1A002 /* lion2_ddn.png */,
				C0906F9716C1D21100A1A002 /* lion_ddn.png */,
				C0906F9816C1D21100A1A002 /* spnza_bricks_a_ddn.png */,
				C0906F9916C1D21100A1A002 /* spnza_bricks_a_diff.png */,
				C0906F9A16C1D21100A1A002 /* spnza_bricks_a_spec.png */,
				C0906F9B16C1D21100A1A002 /* sponza.sgm */,
				C0906F9C16C1D21100A1A002 /* sponza_arch_ddn.png */,
				C0906F9D16C1D21100A1A002 /* sponza_arch_diff.png */,
				C0906F9E16C1D21100A1A002 /* sponza_arch_spec.png */,
				C0906F9F16C1D21100A1A002 /* sponza_ceiling_a_diff.png */,
				C0906FA016C1D21100A1A002 /* sponza_ceiling_a_spec.png */,
				C0906FA116C1D21100A1A002 /* sponza_column_a_ddn.png */,
				C0906FA216C1D21100A1A002 /* sponza_column_a_diff.png */,
				C0906FA316C1D21100A1A002 /* sponza_column_a_spec.png */,
				C0906FA416C1D21100A1A002 /* sponza_column_b_ddn.png */,
				C0906FA516C1D21100A1A002 /* sponza_column_b_diff.png */,
				C0906FA616C1D21100A1A002 /* sponza_column_b_spec.png */,
				C0906FA716C1D21100A1A002 /* sponza_column_c_ddn.png */,
				C0906FA816C1D21100A1A002 /* sponza_column_c_diff.png */,
				C0906FA916C1D21100A1A002 /* sponza_column_c_spec.png */,
				C0906FAA16C1D21100A1A002 /* sponza_curtain_blue_diff.png */,
				C0906FAB16C1D21100A1A002 /* sponza_curtain_diff.png */,
				C0906FAC16C1D21100A1A002 /* sponza_curtain_green_diff.png */,
				C0906FAD16C1D21100A1A002 /* sponza_details_diff.png */,
				C0906FAE16C1D21100A1A002 /* sponza_details_spec.png */,
				C0906FAF16C1D21100A1A002 /* sponza_fabric_blue_diff.png */,
				C0906FB016C1D21100A1A002 /* sponza_fabric_diff.png */,
				C0906FB116C1D21100A1A002 /* sponza_fabric_green_diff.png */,
				C0906FB216C1D21100A1A002 /* sponza_fabric_spec.png */,
				C0906FB316C1D21100A1A002 /* sponza_flagpole_diff.png */,
				C0906FB416C1D21200A1A002 /* sponza_flagpole_spec.png */,
				C0906FB516C1D21200A1A002 /* sponza_floor_a_diff.png */,
				C0906FB616C1D21200A1A002 /* sponza_floor_a_spec.png */,
				C0906FB716C1D21200A1A002 /* sponza_roof_diff.png */,
				C0906FB816C1D21200A1A002 /* sponza_thorn_ddn.png */,
				C0906FB916C1D21200A1A002 /* sponza_thorn_diff.png */,
				C0906FBB16C1D21200A1A002 /* sponza_thorn_spec.png */,
				C0906FBC16C1D21200A1A002 /* vase_ddn.png */,
				C0906FBD16C1D21200A1A002 /* vase_dif.png */,
				C0906FBE16C1D21200A1A002 /* vase_hanging.png */,
				C0906FBF16C1D21200A1A002 /* vase_plant.png */,
				C0906FC116C1D21200A1A002 /* vase_plant_spec.png */,
				C0906FC216C1D21200A1A002 /* vase_round.png */,
				C0906FC316C1D21200A1A002 /* vase_round_ddn.png */,
				C0906FC416C1D21200A1A002 /* vase_round_spec.png */,
			);
			name = sponza;
			path = Models/sponza;
			sourceTree = "<group>";
		};
/* End PBXGroup section */

/* Begin PBXNativeTarget section */
		1D6058900D05DD3D006BFB54 /* sgAnimation */ = {
			isa = PBXNativeTarget;
			buildConfigurationList = 1D6058960D05DD3E006BFB54 /* Build configuration list for PBXNativeTarget "sgAnimation" */;
			buildPhases = (
				1D60588D0D05DD3D006BFB54 /* Resources */,
				1D60588E0D05DD3D006BFB54 /* Sources */,
				1D60588F0D05DD3D006BFB54 /* Frameworks */,
			);
			buildRules = (
			);
			dependencies = (
			);
			name = sgAnimation;
			productName = Engine;
			productReference = 1D6058910D05DD3D006BFB54 /* sgAnimation.app */;
			productType = "com.apple.product-type.application";
		};
/* End PBXNativeTarget section */

/* Begin PBXProject section */
		29B97313FDCFA39411CA2CEA /* Project object */ = {
			isa = PBXProject;
			attributes = {
				LastUpgradeCheck = 0420;
				ORGANIZATIONNAME = SlinDev;
			};
			buildConfigurationList = C01FCF4E08A954540054247B /* Build configuration list for PBXProject "sgAnimation" */;
			compatibilityVersion = "Xcode 3.2";
			developmentRegion = English;
			hasScannedForEncodings = 1;
			knownRegions = (
				English,
				Japanese,
				French,
				German,
			);
			mainGroup = 29B97314FDCFA39411CA2CEA /* CustomTemplate */;
			projectDirPath = "";
			projectRoot = "";
			targets = (
				1D6058900D05DD3D006BFB54 /* sgAnimation */,
			);
		};
/* End PBXProject section */

/* Begin PBXResourcesBuildPhase section */
		1D60588D0D05DD3D006BFB54 /* Resources */ = {
			isa = PBXResourcesBuildPhase;
			buildActionMask = 2147483647;
			files = (
				293AC74C137E8ECB00403584 /* Default.png in Resources */,
				293AC74D137E8ECB00403584 /* Default@2x.png in Resources */,
				293AC74E137E8ECB00403584 /* Icon-72.png in Resources */,
				293AC74F137E8ECB00403584 /* Icon-Small-50.png in Resources */,
				293AC750137E8ECB00403584 /* Icon-Small.png in Resources */,
				293AC751137E8ECB00403584 /* Icon-Small@2x.png in Resources */,
				293AC752137E8ECB00403584 /* Icon.png in Resources */,
				293AC753137E8ECB00403584 /* Icon@2x.png in Resources */,
				2944FEF913E35B29007C28C4 /* iSDGE.bundle in Resources */,
				293AC7B2137E8ECB00403584 /* font1.png in Resources */,
				293AC7B8137E8ECB00403584 /* sand.png in Resources */,
				296D1DE61429133F003308A5 /* animationsbloecke.sgm in Resources */,
				296D1DE71429133F003308A5 /* dogtexklein.png in Resources */,
				29CAC53B142B78CB003DBECD /* 3bones.sgm in Resources */,
				2953F3FF145344A90033983E /* kiste.sgm in Resources */,
				2953F400145344A90033983E /* kiste_diffuse.png in Resources */,
				2953F401145344A90033983E /* kiste_normal.png in Resources */,
				2953F402145344A90033983E /* door1.sgm in Resources */,
				2953F403145344A90033983E /* door2.sgm in Resources */,
				2953F405145344A90033983E /* hauptmodul.png in Resources */,
				2953F406145344A90033983E /* hauptmodul_normal.png in Resources */,
				2953F407145344A90033983E /* lightmap.png in Resources */,
				2953F408145344A90033983E /* space_room.sgm in Resources */,
				2953F40A145344A90033983E /* wandmodul.png in Resources */,
				2953F40B145344A90033983E /* wandmodul_normal.png in Resources */,
				2953F412145344A90033983E /* License.rtf in Resources */,
				2953F413145344A90033983E /* space.png in Resources */,
				2953F414145344A90033983E /* spacecraft.sgm in Resources */,
				2953F415145344A90033983E /* f360.blend in Resources */,
				2953F416145344A90033983E /* f360.sgm in Resources */,
				2953F417145344A90033983E /* fskinr.png in Resources */,
				2953F419145344A90033983E /* jeep2.blend in Resources */,
				2953F41A145344A90033983E /* jeep2.png in Resources */,
				2953F41B145344A90033983E /* jeep2.sgm in Resources */,
				2953F41D145344A90033983E /* haus.blend in Resources */,
				2953F41E145344A90033983E /* haus.sgm in Resources */,
				2953F420145344A90033983E /* room.blend in Resources */,
				2953F423145344A90033983E /* room.png in Resources */,
				2953F424145344A90033983E /* room.sgm in Resources */,
				2953F425145344A90033983E /* roomlight.png in Resources */,
				2953F428145346220033983E /* tiles.png in Resources */,
				C08FE3B616BA219D0044C312 /* anim.fsh in Resources */,
				C08FE3B716BA219D0044C312 /* anim.vsh in Resources */,
				2953F429145346220033983E /* wall.png in Resources */,
				C0906FC516C1D21200A1A002 /* background.png in Resources */,
				C0906FC616C1D21200A1A002 /* background_ddn.png in Resources */,
				C0906FC716C1D21200A1A002 /* chain_texture.png in Resources */,
				C0906FC816C1D21200A1A002 /* chain_texture_ddn.png in Resources */,
				C0906FCA16C1D21200A1A002 /* lion.png in Resources */,
				C0906FCB16C1D21200A1A002 /* lion2_ddn.png in Resources */,
				C0906FCC16C1D21200A1A002 /* lion_ddn.png in Resources */,
				C0906FCD16C1D21200A1A002 /* spnza_bricks_a_ddn.png in Resources */,
				C0906FCE16C1D21200A1A002 /* spnza_bricks_a_diff.png in Resources */,
				C0906FCF16C1D21200A1A002 /* spnza_bricks_a_spec.png in Resources */,
				C0906FD016C1D21200A1A002 /* sponza.sgm in Resources */,
				C0906FD116C1D21200A1A002 /* sponza_arch_ddn.png in Resources */,
				C0906FD216C1D21200A1A002 /* sponza_arch_diff.png in Resources */,
				C0906FD316C1D21200A1A002 /* sponza_arch_spec.png in Resources */,
				C0906FD416C1D21200A1A002 /* sponza_ceiling_a_diff.png in Resources */,
				C0906FD516C1D21200A1A002 /* sponza_ceiling_a_spec.png in Resources */,
				C0906FD616C1D21200A1A002 /* sponza_column_a_ddn.png in Resources */,
				C0906FD716C1D21200A1A002 /* sponza_column_a_diff.png in Resources */,
				C0906FD816C1D21200A1A002 /* sponza_column_a_spec.png in Resources */,
				C0906FD916C1D21200A1A002 /* sponza_column_b_ddn.png in Resources */,
				C0906FDA16C1D21200A1A002 /* sponza_column_b_diff.png in Resources */,
				C0906FDB16C1D21200A1A002 /* sponza_column_b_spec.png in Resources */,
				C0906FDC16C1D21200A1A002 /* sponza_column_c_ddn.png in Resources */,
				C0906FDD16C1D21200A1A002 /* sponza_column_c_diff.png in Resources */,
				C0906FDE16C1D21200A1A002 /* sponza_column_c_spec.png in Resources */,
				C0906FDF16C1D21200A1A002 /* sponza_curtain_blue_diff.png in Resources */,
				C0906FE016C1D21200A1A002 /* sponza_curtain_diff.png in Resources */,
				C0906FE116C1D21200A1A002 /* sponza_curtain_green_diff.png in Resources */,
				C0906FE216C1D21200A1A002 /* sponza_details_diff.png in Resources */,
				C0906FE316C1D21200A1A002 /* sponza_details_spec.png in Resources */,
				C0906FE416C1D21200A1A002 /* sponza_fabric_blue_diff.png in Resources */,
				C0906FE516C1D21200A1A002 /* sponza_fabric_diff.png in Resources */,
				C0906FE616C1D21200A1A002 /* sponza_fabric_green_diff.png in Resources */,
				C0906FE716C1D21200A1A002 /* sponza_fabric_spec.png in Resources */,
				C0906FE816C1D21200A1A002 /* sponza_flagpole_diff.png in Resources */,
				C0906FE916C1D21200A1A002 /* sponza_flagpole_spec.png in Resources */,
				C0906FEA16C1D21200A1A002 /* sponza_floor_a_diff.png in Resources */,
				C0906FEB16C1D21200A1A002 /* sponza_floor_a_spec.png in Resources */,
				C0906FEC16C1D21200A1A002 /* sponza_roof_diff.png in Resources */,
				C0906FED16C1D21200A1A002 /* sponza_thorn_ddn.png in Resources */,
				C0906FEE16C1D21200A1A002 /* sponza_thorn_diff.png in Resources */,
				C0906FF016C1D21200A1A002 /* sponza_thorn_spec.png in Resources */,
				C0906FF116C1D21200A1A002 /* vase_ddn.png in Resources */,
				C0906FF216C1D21200A1A002 /* vase_dif.png in Resources */,
				C0906FF316C1D21200A1A002 /* vase_hanging.png in Resources */,
				C0906FF416C1D21200A1A002 /* vase_plant.png in Resources */,
				C0906FF616C1D21200A1A002 /* vase_plant_spec.png in Resources */,
				C0906FF716C1D21200A1A002 /* vase_round.png in Resources */,
				C0906FF816C1D21200A1A002 /* vase_round_ddn.png in Resources */,
				C0906FF916C1D21200A1A002 /* vase_round_spec.png in Resources */,
				C074384916D44C12009AA298 /* sky_back.png in Resources */,
				C074384A16D44C12009AA298 /* sky_down.png in Resources */,
				C074384B16D44C12009AA298 /* sky_front.png in Resources */,
				C074384C16D44C12009AA298 /* sky_left.png in Resources */,
				C074384D16D44C12009AA298 /* sky_right.png in Resources */,
				C074384E16D44C12009AA298 /* sky_up.png in Resources */,
				C0A5357916D8632B003FF983 /* animationsbloecke.sga in Resources */,
				C0A5358B16DAE9B9003FF983 /* mini_knight_fem.png in Resources */,
				C0A5358C16DAE9B9003FF983 /* mini_knight.sga in Resources */,
				C0A5358D16DAE9B9003FF983 /* mini_knight.sgm in Resources */,
				C0C552BA16DB8B5E001A1124 /* new_thin_zombie.png in Resources */,
				C0C552BB16DB8B5E001A1124 /* new_thin_zombie.sga in Resources */,
				C0C552BC16DB8B5E001A1124 /* new_thin_zombie.sgm in Resources */,
				C09EDB8116E4EFA300773414 /* simplegirl.png in Resources */,
				C09EDB8216E4EFA300773414 /* simplegirl.sga in Resources */,
				C09EDB8316E4EFA300773414 /* simplegirl.sgm in Resources */,
			);
			runOnlyForDeploymentPostprocessing = 0;
		};
/* End PBXResourcesBuildPhase section */

/* Begin PBXSourcesBuildPhase section */
		1D60588E0D05DD3D006BFB54 /* Sources */ = {
			isa = PBXSourcesBuildPhase;
			buildActionMask = 2147483647;
			files = (
				295CBF5D1215861700F1F941 /* main.cpp in Sources */,
				295CBF69121587B300F1F941 /* AnimTest.cpp in Sources */,
				C0F9053415A861D7009ED312 /* Events.cpp in Sources */,
			);
			runOnlyForDeploymentPostprocessing = 0;
		};
/* End PBXSourcesBuildPhase section */

/* Begin XCBuildConfiguration section */
		1D6058940D05DD3E006BFB54 /* Debug */ = {
			isa = XCBuildConfiguration;
			buildSettings = {
				ALWAYS_SEARCH_USER_PATHS = NO;
				COPY_PHASE_STRIP = NO;
				FRAMEWORK_SEARCH_PATHS = "\"$(SRCROOT)/../../DerivedData/iSDGE/Build/Products/$(CONFIGURATION)$(EFFECTIVE_PLATFORM_NAME)\"";
				GCC_DYNAMIC_NO_PIC = NO;
				GCC_OPTIMIZATION_LEVEL = 0;
				GCC_PRECOMPILE_PREFIX_HEADER = YES;
				GCC_PREFIX_HEADER = "";
				"GCC_THUMB_SUPPORT[arch=armv6]" = "";
				GCC_VERSION = com.apple.compilers.llvm.clang.1_0;
				HEADER_SEARCH_PATHS = "\"$(SRCROOT)/../../DerivedData/iSDGE/Build/Products/$(CONFIGURATION)$(EFFECTIVE_PLATFORM_NAME)/iSDGE.framework/Headers\"/**";
				INFOPLIST_FILE = "sgAnimation-Info.plist";
				PRECOMPS_INCLUDE_HEADERS_FROM_BUILT_PRODUCTS_DIR = YES;
				PRODUCT_NAME = sgAnimation;
			};
			name = Debug;
		};
		1D6058950D05DD3E006BFB54 /* Release */ = {
			isa = XCBuildConfiguration;
			buildSettings = {
				ALWAYS_SEARCH_USER_PATHS = NO;
				COPY_PHASE_STRIP = YES;
				FRAMEWORK_SEARCH_PATHS = "\"$(SRCROOT)/../../DerivedData/iSDGE/Build/Products/$(CONFIGURATION)$(EFFECTIVE_PLATFORM_NAME)\"";
				GCC_PRECOMPILE_PREFIX_HEADER = YES;
				GCC_PREFIX_HEADER = "";
				"GCC_THUMB_SUPPORT[arch=armv6]" = "";
				GCC_VERSION = com.apple.compilers.llvm.clang.1_0;
				HEADER_SEARCH_PATHS = "\"$(SRCROOT)/../../DerivedData/iSDGE/Build/Products/$(CONFIGURATION)$(EFFECTIVE_PLATFORM_NAME)/iSDGE.framework/Headers\"/**";
				INFOPLIST_FILE = "sgAnimation-Info.plist";
				PRECOMPS_INCLUDE_HEADERS_FROM_BUILT_PRODUCTS_DIR = YES;
				PRODUCT_NAME = sgAnimation;
				VALIDATE_PRODUCT = YES;
			};
			name = Release;
		};
		29D7EB42117CF6B30091D933 /* AdHoc */ = {
			isa = XCBuildConfiguration;
			buildSettings = {
				ARCHS = "$(ARCHS_STANDARD_32_BIT)";
				CODE_SIGN_ENTITLEMENTS = "";
				"CODE_SIGN_IDENTITY[sdk=iphoneos*]" = "iPhone Distribution";
				GCC_C_LANGUAGE_STANDARD = c99;
				GCC_PREPROCESSOR_DEFINITIONS = __IOS__;
				GCC_WARN_ABOUT_RETURN_TYPE = YES;
				GCC_WARN_UNUSED_VARIABLE = YES;
				HEADER_SEARCH_PATHS = "../../Engine/Physics/Bullet/bullet-2.77/src";
				IPHONEOS_DEPLOYMENT_TARGET = 4.1;
				OTHER_CFLAGS = "-DNS_BLOCK_ASSERTIONS=1";
				"PROVISIONING_PROFILE[sdk=iphoneos*]" = "";
				SDKROOT = iphoneos;
				TARGETED_DEVICE_FAMILY = "1,2";
			};
			name = AdHoc;
		};
		29D7EB43117CF6B30091D933 /* AdHoc */ = {
			isa = XCBuildConfiguration;
			buildSettings = {
				ALWAYS_SEARCH_USER_PATHS = NO;
				CODE_SIGN_ENTITLEMENTS = "";
				COPY_PHASE_STRIP = YES;
				FRAMEWORK_SEARCH_PATHS = "\"$(SRCROOT)/../../DerivedData/iSDGE/Build/Products/$(CONFIGURATION)$(EFFECTIVE_PLATFORM_NAME)\"";
				GCC_PRECOMPILE_PREFIX_HEADER = YES;
				GCC_PREFIX_HEADER = "";
				"GCC_THUMB_SUPPORT[arch=armv6]" = "";
				GCC_VERSION = com.apple.compilers.llvm.clang.1_0;
				HEADER_SEARCH_PATHS = "\"$(SRCROOT)/../../DerivedData/iSDGE/Build/Products/$(CONFIGURATION)$(EFFECTIVE_PLATFORM_NAME)/iSDGE.framework/Headers\"/**";
				INFOPLIST_FILE = "sgAnimation-Info.plist";
				PRECOMPS_INCLUDE_HEADERS_FROM_BUILT_PRODUCTS_DIR = YES;
				PRODUCT_NAME = sgAnimation;
				VALIDATE_PRODUCT = NO;
			};
			name = AdHoc;
		};
		C01FCF4F08A954540054247B /* Debug */ = {
			isa = XCBuildConfiguration;
			buildSettings = {
				ARCHS = "$(ARCHS_STANDARD_32_BIT)";
				"CODE_SIGN_IDENTITY[sdk=iphoneos*]" = "iPhone Developer";
				GCC_C_LANGUAGE_STANDARD = c99;
				GCC_PREPROCESSOR_DEFINITIONS = (
					__IOS__,
					DEBUG,
				);
				GCC_WARN_ABOUT_RETURN_TYPE = YES;
				GCC_WARN_UNUSED_VARIABLE = YES;
				HEADER_SEARCH_PATHS = "../../Engine/Physics/Bullet/bullet-2.77/src";
				IPHONEOS_DEPLOYMENT_TARGET = 4.1;
				"PROVISIONING_PROFILE[sdk=iphoneos*]" = "";
				SDKROOT = iphoneos;
				TARGETED_DEVICE_FAMILY = "1,2";
			};
			name = Debug;
		};
		C01FCF5008A954540054247B /* Release */ = {
			isa = XCBuildConfiguration;
			buildSettings = {
				ARCHS = "$(ARCHS_STANDARD_32_BIT)";
				"CODE_SIGN_IDENTITY[sdk=iphoneos*]" = "iPhone Developer";
				GCC_C_LANGUAGE_STANDARD = c99;
				GCC_PREPROCESSOR_DEFINITIONS = __IOS__;
				GCC_WARN_ABOUT_RETURN_TYPE = YES;
				GCC_WARN_UNUSED_VARIABLE = YES;
				HEADER_SEARCH_PATHS = "../../Engine/Physics/Bullet/bullet-2.77/src";
				IPHONEOS_DEPLOYMENT_TARGET = 4.1;
				OTHER_CFLAGS = "-DNS_BLOCK_ASSERTIONS=1";
				SDKROOT = iphoneos;
				TARGETED_DEVICE_FAMILY = "1,2";
			};
			name = Release;
		};
/* End XCBuildConfiguration section */

/* Begin XCConfigurationList section */
		1D6058960D05DD3E006BFB54 /* Build configuration list for PBXNativeTarget "sgAnimation" */ = {
			isa = XCConfigurationList;
			buildConfigurations = (
				1D6058940D05DD3E006BFB54 /* Debug */,
				1D6058950D05DD3E006BFB54 /* Release */,
				29D7EB43117CF6B30091D933 /* AdHoc */,
			);
			defaultConfigurationIsVisible = 0;
			defaultConfigurationName = Release;
		};
		C01FCF4E08A954540054247B /* Build configuration list for PBXProject "sgAnimation" */ = {
			isa = XCConfigurationList;
			buildConfigurations = (
				C01FCF4F08A954540054247B /* Debug */,
				C01FCF5008A954540054247B /* Release */,
				29D7EB42117CF6B30091D933 /* AdHoc */,
			);
			defaultConfigurationIsVisible = 0;
			defaultConfigurationName = Release;
		};
/* End XCConfigurationList section */
	};
	rootObject = 29B97313FDCFA39411CA2CEA /* Project object */;
}
