// !$*UTF8*$!
{
	archiveVersion = 1;
	classes = {
	};
	objectVersion = 46;
	objects = {

/* Begin PBXBuildFile section */
		1D60589F0D05DD5A006BFB54 /* Foundation.framework in Frameworks */ = {isa = PBXBuildFile; fileRef = 1D30AB110D05D00D00671497 /* Foundation.framework */; };
		1DF5F4E00D08C38300B7A737 /* UIKit.framework in Frameworks */ = {isa = PBXBuildFile; fileRef = 1DF5F4DF0D08C38300B7A737 /* UIKit.framework */; };
		28FD15000DC6FC520079059D /* OpenGLES.framework in Frameworks */ = {isa = PBXBuildFile; fileRef = 28FD14FF0DC6FC520079059D /* OpenGLES.framework */; };
		28FD15080DC6FC5B0079059D /* QuartzCore.framework in Frameworks */ = {isa = PBXBuildFile; fileRef = 28FD15070DC6FC5B0079059D /* QuartzCore.framework */; };
		2923F92B13C916AC00228AE9 /* AudioToolbox.framework in Frameworks */ = {isa = PBXBuildFile; fileRef = 2923F92A13C916AC00228AE9 /* AudioToolbox.framework */; };
		2923F92D13C916AC00228AE9 /* OpenAL.framework in Frameworks */ = {isa = PBXBuildFile; fileRef = 2923F92C13C916AC00228AE9 /* OpenAL.framework */; };
		292FFC2F12159C61003564EE /* f360.sgm in Resources */ = {isa = PBXBuildFile; fileRef = 292FFC0B12159C61003564EE /* f360.sgm */; };
		292FFC3312159C61003564EE /* jeep2.png in Resources */ = {isa = PBXBuildFile; fileRef = 292FFC1012159C61003564EE /* jeep2.png */; };
		292FFC3412159C61003564EE /* jeep2.sgm in Resources */ = {isa = PBXBuildFile; fileRef = 292FFC1112159C61003564EE /* jeep2.sgm */; };
		292FFC3712159C61003564EE /* font1.png in Resources */ = {isa = PBXBuildFile; fileRef = 292FFC1612159C61003564EE /* font1.png */; };
		292FFC3A12159C61003564EE /* sand.png in Resources */ = {isa = PBXBuildFile; fileRef = 292FFC1912159C61003564EE /* sand.png */; };
		292FFC3B12159C61003564EE /* sky_back.png in Resources */ = {isa = PBXBuildFile; fileRef = 292FFC1A12159C61003564EE /* sky_back.png */; };
		292FFC3C12159C61003564EE /* sky_down.png in Resources */ = {isa = PBXBuildFile; fileRef = 292FFC1B12159C61003564EE /* sky_down.png */; };
		292FFC3D12159C61003564EE /* sky_front.png in Resources */ = {isa = PBXBuildFile; fileRef = 292FFC1C12159C61003564EE /* sky_front.png */; };
		292FFC3E12159C61003564EE /* sky_left.png in Resources */ = {isa = PBXBuildFile; fileRef = 292FFC1D12159C61003564EE /* sky_left.png */; };
		292FFC3F12159C61003564EE /* sky_right.png in Resources */ = {isa = PBXBuildFile; fileRef = 292FFC1E12159C61003564EE /* sky_right.png */; };
		292FFC4012159C61003564EE /* sky_up.png in Resources */ = {isa = PBXBuildFile; fileRef = 292FFC1F12159C61003564EE /* sky_up.png */; };
		292FFC4112159C61003564EE /* tiles.png in Resources */ = {isa = PBXBuildFile; fileRef = 292FFC2012159C61003564EE /* tiles.png */; };
		292FFC4212159C61003564EE /* wall.png in Resources */ = {isa = PBXBuildFile; fileRef = 292FFC2112159C61003564EE /* wall.png */; };
		292FFC811215A7E1003564EE /* main.cpp in Sources */ = {isa = PBXBuildFile; fileRef = 292FFC781215A7E1003564EE /* main.cpp */; };
		292FFC821215A7E1003564EE /* Car.cpp in Sources */ = {isa = PBXBuildFile; fileRef = 292FFC7A1215A7E1003564EE /* Car.cpp */; };
		292FFC831215A7E1003564EE /* Jeep.cpp in Sources */ = {isa = PBXBuildFile; fileRef = 292FFC7C1215A7E1003564EE /* Jeep.cpp */; };
		292FFC841215A7E1003564EE /* Rotate.cpp in Sources */ = {isa = PBXBuildFile; fileRef = 292FFC7E1215A7E1003564EE /* Rotate.cpp */; };
		29404835133FB8E600B45D9D /* fskinr.png in Resources */ = {isa = PBXBuildFile; fileRef = 29404834133FB8E600B45D9D /* fskinr.png */; };
		2952EEAE117A6F90006FAB6F /* CoreGraphics.framework in Frameworks */ = {isa = PBXBuildFile; fileRef = 2952EEAD117A6F90006FAB6F /* CoreGraphics.framework */; };
		29A247FB135B2E0A00001E88 /* haus.sgm in Resources */ = {isa = PBXBuildFile; fileRef = 29A247F2135B2E0A00001E88 /* haus.sgm */; };
		29B7B90A1224649D00CECE3C /* logo_64.png in Resources */ = {isa = PBXBuildFile; fileRef = 29B7B9091224649D00CECE3C /* logo_64.png */; };
		29D0638E13C9E20D00C001B2 /* iSDGE.framework in Frameworks */ = {isa = PBXBuildFile; fileRef = 29D0638C13C9E20D00C001B2 /* iSDGE.framework */; };
		29D0638F13C9E20D00C001B2 /* iSDGE.bundle in Resources */ = {isa = PBXBuildFile; fileRef = 29D0638D13C9E20D00C001B2 /* iSDGE.bundle */; };
		29D7EB5B117CFABF0091D933 /* Entitlements.plist in Resources */ = {isa = PBXBuildFile; fileRef = 29D7EB5A117CFABF0091D933 /* Entitlements.plist */; };
		29F1840E12AB1AA800B7F5F2 /* Default.png in Resources */ = {isa = PBXBuildFile; fileRef = 29F1840612AB1AA800B7F5F2 /* Default.png */; };
		29F1840F12AB1AA800B7F5F2 /* Default@2x.png in Resources */ = {isa = PBXBuildFile; fileRef = 29F1840712AB1AA800B7F5F2 /* Default@2x.png */; };
		29F1841012AB1AA800B7F5F2 /* Icon-72.png in Resources */ = {isa = PBXBuildFile; fileRef = 29F1840812AB1AA800B7F5F2 /* Icon-72.png */; };
		29F1841112AB1AA800B7F5F2 /* Icon-Small-50.png in Resources */ = {isa = PBXBuildFile; fileRef = 29F1840912AB1AA800B7F5F2 /* Icon-Small-50.png */; };
		29F1841212AB1AA800B7F5F2 /* Icon-Small.png in Resources */ = {isa = PBXBuildFile; fileRef = 29F1840A12AB1AA800B7F5F2 /* Icon-Small.png */; };
		29F1841312AB1AA800B7F5F2 /* Icon-Small@2x.png in Resources */ = {isa = PBXBuildFile; fileRef = 29F1840B12AB1AA800B7F5F2 /* Icon-Small@2x.png */; };
		29F1841412AB1AA800B7F5F2 /* Icon.png in Resources */ = {isa = PBXBuildFile; fileRef = 29F1840C12AB1AA800B7F5F2 /* Icon.png */; };
		29F1841512AB1AA800B7F5F2 /* Icon@2x.png in Resources */ = {isa = PBXBuildFile; fileRef = 29F1840D12AB1AA800B7F5F2 /* Icon@2x.png */; };
		C006C4D815A5D162004FB83C /* Events.cpp in Sources */ = {isa = PBXBuildFile; fileRef = C006C4D715A5D162004FB83C /* Events.cpp */; };
/* End PBXBuildFile section */

/* Begin PBXFileReference section */
		1D30AB110D05D00D00671497 /* Foundation.framework */ = {isa = PBXFileReference; lastKnownFileType = wrapper.framework; name = Foundation.framework; path = System/Library/Frameworks/Foundation.framework; sourceTree = SDKROOT; };
		1D6058910D05DD3D006BFB54 /* sgShadows.app */ = {isa = PBXFileReference; explicitFileType = wrapper.application; includeInIndex = 0; path = sgShadows.app; sourceTree = BUILT_PRODUCTS_DIR; };
		1DF5F4DF0D08C38300B7A737 /* UIKit.framework */ = {isa = PBXFileReference; lastKnownFileType = wrapper.framework; name = UIKit.framework; path = System/Library/Frameworks/UIKit.framework; sourceTree = SDKROOT; };
		28FD14FF0DC6FC520079059D /* OpenGLES.framework */ = {isa = PBXFileReference; lastKnownFileType = wrapper.framework; name = OpenGLES.framework; path = System/Library/Frameworks/OpenGLES.framework; sourceTree = SDKROOT; };
		28FD15070DC6FC5B0079059D /* QuartzCore.framework */ = {isa = PBXFileReference; lastKnownFileType = wrapper.framework; name = QuartzCore.framework; path = System/Library/Frameworks/QuartzCore.framework; sourceTree = SDKROOT; };
		2923F92A13C916AC00228AE9 /* AudioToolbox.framework */ = {isa = PBXFileReference; lastKnownFileType = wrapper.framework; name = AudioToolbox.framework; path = System/Library/Frameworks/AudioToolbox.framework; sourceTree = SDKROOT; };
		2923F92C13C916AC00228AE9 /* OpenAL.framework */ = {isa = PBXFileReference; lastKnownFileType = wrapper.framework; name = OpenAL.framework; path = System/Library/Frameworks/OpenAL.framework; sourceTree = SDKROOT; };
		292FFC0B12159C61003564EE /* f360.sgm */ = {isa = PBXFileReference; fileEncoding = 4; lastKnownFileType = text.xml; path = f360.sgm; sourceTree = "<group>"; };
		292FFC1012159C61003564EE /* jeep2.png */ = {isa = PBXFileReference; lastKnownFileType = image.png; path = jeep2.png; sourceTree = "<group>"; };
		292FFC1112159C61003564EE /* jeep2.sgm */ = {isa = PBXFileReference; fileEncoding = 4; lastKnownFileType = text.xml; path = jeep2.sgm; sourceTree = "<group>"; };
		292FFC1612159C61003564EE /* font1.png */ = {isa = PBXFileReference; lastKnownFileType = image.png; path = font1.png; sourceTree = "<group>"; };
		292FFC1912159C61003564EE /* sand.png */ = {isa = PBXFileReference; lastKnownFileType = image.png; path = sand.png; sourceTree = "<group>"; };
		292FFC1A12159C61003564EE /* sky_back.png */ = {isa = PBXFileReference; lastKnownFileType = image.png; path = sky_back.png; sourceTree = "<group>"; };
		292FFC1B12159C61003564EE /* sky_down.png */ = {isa = PBXFileReference; lastKnownFileType = image.png; path = sky_down.png; sourceTree = "<group>"; };
		292FFC1C12159C61003564EE /* sky_front.png */ = {isa = PBXFileReference; lastKnownFileType = image.png; path = sky_front.png; sourceTree = "<group>"; };
		292FFC1D12159C61003564EE /* sky_left.png */ = {isa = PBXFileReference; lastKnownFileType = image.png; path = sky_left.png; sourceTree = "<group>"; };
		292FFC1E12159C61003564EE /* sky_right.png */ = {isa = PBXFileReference; lastKnownFileType = image.png; path = sky_right.png; sourceTree = "<group>"; };
		292FFC1F12159C61003564EE /* sky_up.png */ = {isa = PBXFileReference; lastKnownFileType = image.png; path = sky_up.png; sourceTree = "<group>"; };
		292FFC2012159C61003564EE /* tiles.png */ = {isa = PBXFileReference; lastKnownFileType = image.png; path = tiles.png; sourceTree = "<group>"; };
		292FFC2112159C61003564EE /* wall.png */ = {isa = PBXFileReference; lastKnownFileType = image.png; path = wall.png; sourceTree = "<group>"; };
		292FFC761215A7E1003564EE /* Events.h */ = {isa = PBXFileReference; fileEncoding = 4; lastKnownFileType = sourcecode.c.h; path = Events.h; sourceTree = "<group>"; };
		292FFC781215A7E1003564EE /* main.cpp */ = {isa = PBXFileReference; fileEncoding = 4; lastKnownFileType = sourcecode.cpp.cpp; path = main.cpp; sourceTree = "<group>"; };
		292FFC7A1215A7E1003564EE /* Car.cpp */ = {isa = PBXFileReference; fileEncoding = 4; lastKnownFileType = sourcecode.cpp.cpp; path = Car.cpp; sourceTree = "<group>"; };
		292FFC7B1215A7E1003564EE /* Car.h */ = {isa = PBXFileReference; fileEncoding = 4; lastKnownFileType = sourcecode.c.h; path = Car.h; sourceTree = "<group>"; };
		292FFC7C1215A7E1003564EE /* Jeep.cpp */ = {isa = PBXFileReference; fileEncoding = 4; lastKnownFileType = sourcecode.cpp.cpp; path = Jeep.cpp; sourceTree = "<group>"; };
		292FFC7D1215A7E1003564EE /* Jeep.h */ = {isa = PBXFileReference; fileEncoding = 4; lastKnownFileType = sourcecode.c.h; path = Jeep.h; sourceTree = "<group>"; };
		292FFC7E1215A7E1003564EE /* Rotate.cpp */ = {isa = PBXFileReference; fileEncoding = 4; lastKnownFileType = sourcecode.cpp.cpp; path = Rotate.cpp; sourceTree = "<group>"; };
		292FFC7F1215A7E1003564EE /* Rotate.h */ = {isa = PBXFileReference; fileEncoding = 4; lastKnownFileType = sourcecode.c.h; path = Rotate.h; sourceTree = "<group>"; };
		29404834133FB8E600B45D9D /* fskinr.png */ = {isa = PBXFileReference; lastKnownFileType = image.png; path = fskinr.png; sourceTree = "<group>"; };
		2952EEAD117A6F90006FAB6F /* CoreGraphics.framework */ = {isa = PBXFileReference; lastKnownFileType = wrapper.framework; name = CoreGraphics.framework; path = System/Library/Frameworks/CoreGraphics.framework; sourceTree = SDKROOT; };
		29A247F2135B2E0A00001E88 /* haus.sgm */ = {isa = PBXFileReference; lastKnownFileType = file; path = haus.sgm; sourceTree = "<group>"; };
		29B7B9091224649D00CECE3C /* logo_64.png */ = {isa = PBXFileReference; lastKnownFileType = image.png; name = logo_64.png; path = Logos/logo_64.png; sourceTree = "<group>"; };
		29D0638C13C9E20D00C001B2 /* iSDGE.framework */ = {isa = PBXFileReference; lastKnownFileType = wrapper.framework; path = iSDGE.framework; sourceTree = BUILT_PRODUCTS_DIR; };
		29D0638D13C9E20D00C001B2 /* iSDGE.bundle */ = {isa = PBXFileReference; lastKnownFileType = "wrapper.plug-in"; path = iSDGE.bundle; sourceTree = BUILT_PRODUCTS_DIR; };
		29D7EB5A117CFABF0091D933 /* Entitlements.plist */ = {isa = PBXFileReference; fileEncoding = 4; lastKnownFileType = text.plist.xml; path = Entitlements.plist; sourceTree = "<group>"; };
		29F0806712146A5C0004587B /* Shadows-Info.plist */ = {isa = PBXFileReference; fileEncoding = 4; lastKnownFileType = text.plist.xml; path = "Shadows-Info.plist"; sourceTree = "<group>"; };
		29F1840612AB1AA800B7F5F2 /* Default.png */ = {isa = PBXFileReference; lastKnownFileType = image.png; path = Default.png; sourceTree = "<group>"; };
		29F1840712AB1AA800B7F5F2 /* Default@2x.png */ = {isa = PBXFileReference; lastKnownFileType = image.png; path = "Default@2x.png"; sourceTree = "<group>"; };
		29F1840812AB1AA800B7F5F2 /* Icon-72.png */ = {isa = PBXFileReference; lastKnownFileType = image.png; path = "Icon-72.png"; sourceTree = "<group>"; };
		29F1840912AB1AA800B7F5F2 /* Icon-Small-50.png */ = {isa = PBXFileReference; lastKnownFileType = image.png; path = "Icon-Small-50.png"; sourceTree = "<group>"; };
		29F1840A12AB1AA800B7F5F2 /* Icon-Small.png */ = {isa = PBXFileReference; lastKnownFileType = image.png; path = "Icon-Small.png"; sourceTree = "<group>"; };
		29F1840B12AB1AA800B7F5F2 /* Icon-Small@2x.png */ = {isa = PBXFileReference; lastKnownFileType = image.png; path = "Icon-Small@2x.png"; sourceTree = "<group>"; };
		29F1840C12AB1AA800B7F5F2 /* Icon.png */ = {isa = PBXFileReference; lastKnownFileType = image.png; path = Icon.png; sourceTree = "<group>"; };
		29F1840D12AB1AA800B7F5F2 /* Icon@2x.png */ = {isa = PBXFileReference; lastKnownFileType = image.png; path = "Icon@2x.png"; sourceTree = "<group>"; };
		C006C4D715A5D162004FB83C /* Events.cpp */ = {isa = PBXFileReference; explicitFileType = sourcecode.cpp.objcpp; fileEncoding = 4; path = Events.cpp; sourceTree = "<group>"; };
/* End PBXFileReference section */

/* Begin PBXFrameworksBuildPhase section */
		1D60588F0D05DD3D006BFB54 /* Frameworks */ = {
			isa = PBXFrameworksBuildPhase;
			buildActionMask = 2147483647;
			files = (
				1D60589F0D05DD5A006BFB54 /* Foundation.framework in Frameworks */,
				1DF5F4E00D08C38300B7A737 /* UIKit.framework in Frameworks */,
				28FD15000DC6FC520079059D /* OpenGLES.framework in Frameworks */,
				28FD15080DC6FC5B0079059D /* QuartzCore.framework in Frameworks */,
				2952EEAE117A6F90006FAB6F /* CoreGraphics.framework in Frameworks */,
				2923F92B13C916AC00228AE9 /* AudioToolbox.framework in Frameworks */,
				2923F92D13C916AC00228AE9 /* OpenAL.framework in Frameworks */,
				29D0638E13C9E20D00C001B2 /* iSDGE.framework in Frameworks */,
			);
			runOnlyForDeploymentPostprocessing = 0;
		};
/* End PBXFrameworksBuildPhase section */

/* Begin PBXGroup section */
		19C28FACFE9D520D11CA2CBB /* Products */ = {
			isa = PBXGroup;
			children = (
				1D6058910D05DD3D006BFB54 /* sgShadows.app */,
			);
			name = Products;
			sourceTree = "<group>";
		};
		292FFBF812159C61003564EE /* Media */ = {
			isa = PBXGroup;
			children = (
				29B7B9091224649D00CECE3C /* logo_64.png */,
				292FFBFF12159C61003564EE /* Models */,
				292FFC1512159C61003564EE /* Textures */,
			);
			name = Media;
			path = ../../Media;
			sourceTree = SOURCE_ROOT;
		};
		292FFBFF12159C61003564EE /* Models */ = {
			isa = PBXGroup;
			children = (
				29A247EF135B2E0A00001E88 /* selfmade */,
				292FFC0812159C61003564EE /* psionic */,
			);
			path = Models;
			sourceTree = "<group>";
		};
		292FFC0812159C61003564EE /* psionic */ = {
			isa = PBXGroup;
			children = (
				292FFC0912159C61003564EE /* f360 */,
				292FFC0E12159C61003564EE /* jeep */,
			);
			path = psionic;
			sourceTree = "<group>";
		};
		292FFC0912159C61003564EE /* f360 */ = {
			isa = PBXGroup;
			children = (
				29404834133FB8E600B45D9D /* fskinr.png */,
				292FFC0B12159C61003564EE /* f360.sgm */,
			);
			path = f360;
			sourceTree = "<group>";
		};
		292FFC0E12159C61003564EE /* jeep */ = {
			isa = PBXGroup;
			children = (
				292FFC1012159C61003564EE /* jeep2.png */,
				292FFC1112159C61003564EE /* jeep2.sgm */,
			);
			path = jeep;
			sourceTree = "<group>";
		};
		292FFC1512159C61003564EE /* Textures */ = {
			isa = PBXGroup;
			children = (
				292FFC1612159C61003564EE /* font1.png */,
				292FFC1912159C61003564EE /* sand.png */,
				292FFC1A12159C61003564EE /* sky_back.png */,
				292FFC1B12159C61003564EE /* sky_down.png */,
				292FFC1C12159C61003564EE /* sky_front.png */,
				292FFC1D12159C61003564EE /* sky_left.png */,
				292FFC1E12159C61003564EE /* sky_right.png */,
				292FFC1F12159C61003564EE /* sky_up.png */,
				292FFC2012159C61003564EE /* tiles.png */,
				292FFC2112159C61003564EE /* wall.png */,
			);
			path = Textures;
			sourceTree = "<group>";
		};
		292FFC741215A7E1003564EE /* Code */ = {
			isa = PBXGroup;
			children = (
				292FFC791215A7E1003564EE /* Objects */,
				292FFC751215A7E1003564EE /* Main */,
			);
			path = Code;
			sourceTree = "<group>";
		};
		292FFC751215A7E1003564EE /* Main */ = {
			isa = PBXGroup;
			children = (
				C006C4D715A5D162004FB83C /* Events.cpp */,
				292FFC761215A7E1003564EE /* Events.h */,
				292FFC781215A7E1003564EE /* main.cpp */,
			);
			path = Main;
			sourceTree = "<group>";
		};
		292FFC791215A7E1003564EE /* Objects */ = {
			isa = PBXGroup;
			children = (
				292FFC7A1215A7E1003564EE /* Car.cpp */,
				292FFC7B1215A7E1003564EE /* Car.h */,
				292FFC7C1215A7E1003564EE /* Jeep.cpp */,
				292FFC7D1215A7E1003564EE /* Jeep.h */,
				292FFC7E1215A7E1003564EE /* Rotate.cpp */,
				292FFC7F1215A7E1003564EE /* Rotate.h */,
			);
			path = Objects;
			sourceTree = "<group>";
		};
		29A247EF135B2E0A00001E88 /* selfmade */ = {
			isa = PBXGroup;
			children = (
				29A247F0135B2E0A00001E88 /* house */,
			);
			path = selfmade;
			sourceTree = "<group>";
		};
		29A247F0135B2E0A00001E88 /* house */ = {
			isa = PBXGroup;
			children = (
				29A247F2135B2E0A00001E88 /* haus.sgm */,
			);
			path = house;
			sourceTree = "<group>";
		};
		29B97314FDCFA39411CA2CEA /* CustomTemplate */ = {
			isa = PBXGroup;
			children = (
				292FFBF812159C61003564EE /* Media */,
				292FFC741215A7E1003564EE /* Code */,
				29B97317FDCFA39411CA2CEA /* Resources */,
				29B97323FDCFA39411CA2CEA /* Frameworks */,
				19C28FACFE9D520D11CA2CBB /* Products */,
			);
			name = CustomTemplate;
			sourceTree = "<group>";
		};
		29B97317FDCFA39411CA2CEA /* Resources */ = {
			isa = PBXGroup;
			children = (
				29F1840512AB1AA800B7F5F2 /* Device */,
				29F0806712146A5C0004587B /* Shadows-Info.plist */,
				29D7EB5A117CFABF0091D933 /* Entitlements.plist */,
			);
			name = Resources;
			sourceTree = "<group>";
		};
		29B97323FDCFA39411CA2CEA /* Frameworks */ = {
			isa = PBXGroup;
			children = (
				29D0638C13C9E20D00C001B2 /* iSDGE.framework */,
				29D0638D13C9E20D00C001B2 /* iSDGE.bundle */,
				2952EEAD117A6F90006FAB6F /* CoreGraphics.framework */,
				28FD15070DC6FC5B0079059D /* QuartzCore.framework */,
				28FD14FF0DC6FC520079059D /* OpenGLES.framework */,
				1DF5F4DF0D08C38300B7A737 /* UIKit.framework */,
				1D30AB110D05D00D00671497 /* Foundation.framework */,
				2923F92A13C916AC00228AE9 /* AudioToolbox.framework */,
				2923F92C13C916AC00228AE9 /* OpenAL.framework */,
			);
			name = Frameworks;
			sourceTree = "<group>";
		};
		29F1840512AB1AA800B7F5F2 /* Device */ = {
			isa = PBXGroup;
			children = (
				29F1840612AB1AA800B7F5F2 /* Default.png */,
				29F1840712AB1AA800B7F5F2 /* Default@2x.png */,
				29F1840812AB1AA800B7F5F2 /* Icon-72.png */,
				29F1840912AB1AA800B7F5F2 /* Icon-Small-50.png */,
				29F1840A12AB1AA800B7F5F2 /* Icon-Small.png */,
				29F1840B12AB1AA800B7F5F2 /* Icon-Small@2x.png */,
				29F1840C12AB1AA800B7F5F2 /* Icon.png */,
				29F1840D12AB1AA800B7F5F2 /* Icon@2x.png */,
			);
			name = Device;
			path = ../../Media/Device;
			sourceTree = SOURCE_ROOT;
		};
/* End PBXGroup section */

/* Begin PBXNativeTarget section */
		1D6058900D05DD3D006BFB54 /* sgShadows */ = {
			isa = PBXNativeTarget;
			buildConfigurationList = 1D6058960D05DD3E006BFB54 /* Build configuration list for PBXNativeTarget "sgShadows" */;
			buildPhases = (
				1D60588D0D05DD3D006BFB54 /* Resources */,
				1D60588E0D05DD3D006BFB54 /* Sources */,
				1D60588F0D05DD3D006BFB54 /* Frameworks */,
			);
			buildRules = (
			);
			dependencies = (
			);
			name = sgShadows;
			productName = Engine;
			productReference = 1D6058910D05DD3D006BFB54 /* sgShadows.app */;
			productType = "com.apple.product-type.application";
		};
/* End PBXNativeTarget section */

/* Begin PBXProject section */
		29B97313FDCFA39411CA2CEA /* Project object */ = {
			isa = PBXProject;
			attributes = {
				LastUpgradeCheck = 0420;
				ORGANIZATIONNAME = SlinDev;
			};
			buildConfigurationList = C01FCF4E08A954540054247B /* Build configuration list for PBXProject "Shadows" */;
			compatibilityVersion = "Xcode 3.2";
			developmentRegion = English;
			hasScannedForEncodings = 1;
			knownRegions = (
				English,
				Japanese,
				French,
				German,
			);
			mainGroup = 29B97314FDCFA39411CA2CEA /* CustomTemplate */;
			projectDirPath = "";
			projectRoot = "";
			targets = (
				1D6058900D05DD3D006BFB54 /* sgShadows */,
			);
		};
/* End PBXProject section */

/* Begin PBXResourcesBuildPhase section */
		1D60588D0D05DD3D006BFB54 /* Resources */ = {
			isa = PBXResourcesBuildPhase;
			buildActionMask = 2147483647;
			files = (
				29D7EB5B117CFABF0091D933 /* Entitlements.plist in Resources */,
				292FFC2F12159C61003564EE /* f360.sgm in Resources */,
				292FFC3312159C61003564EE /* jeep2.png in Resources */,
				292FFC3412159C61003564EE /* jeep2.sgm in Resources */,
				292FFC3712159C61003564EE /* font1.png in Resources */,
				292FFC3A12159C61003564EE /* sand.png in Resources */,
				292FFC3B12159C61003564EE /* sky_back.png in Resources */,
				292FFC3C12159C61003564EE /* sky_down.png in Resources */,
				292FFC3D12159C61003564EE /* sky_front.png in Resources */,
				292FFC3E12159C61003564EE /* sky_left.png in Resources */,
				292FFC3F12159C61003564EE /* sky_right.png in Resources */,
				292FFC4012159C61003564EE /* sky_up.png in Resources */,
				292FFC4112159C61003564EE /* tiles.png in Resources */,
				292FFC4212159C61003564EE /* wall.png in Resources */,
				29B7B90A1224649D00CECE3C /* logo_64.png in Resources */,
				29F1840E12AB1AA800B7F5F2 /* Default.png in Resources */,
				29F1840F12AB1AA800B7F5F2 /* Default@2x.png in Resources */,
				29F1841012AB1AA800B7F5F2 /* Icon-72.png in Resources */,
				29F1841112AB1AA800B7F5F2 /* Icon-Small-50.png in Resources */,
				29F1841212AB1AA800B7F5F2 /* Icon-Small.png in Resources */,
				29F1841312AB1AA800B7F5F2 /* Icon-Small@2x.png in Resources */,
				29F1841412AB1AA800B7F5F2 /* Icon.png in Resources */,
				29F1841512AB1AA800B7F5F2 /* Icon@2x.png in Resources */,
				29404835133FB8E600B45D9D /* fskinr.png in Resources */,
				29A247FB135B2E0A00001E88 /* haus.sgm in Resources */,
				29D0638F13C9E20D00C001B2 /* iSDGE.bundle in Resources */,
			);
			runOnlyForDeploymentPostprocessing = 0;
		};
/* End PBXResourcesBuildPhase section */

/* Begin PBXSourcesBuildPhase section */
		1D60588E0D05DD3D006BFB54 /* Sources */ = {
			isa = PBXSourcesBuildPhase;
			buildActionMask = 2147483647;
			files = (
				292FFC811215A7E1003564EE /* main.cpp in Sources */,
				292FFC821215A7E1003564EE /* Car.cpp in Sources */,
				292FFC831215A7E1003564EE /* Jeep.cpp in Sources */,
				292FFC841215A7E1003564EE /* Rotate.cpp in Sources */,
				C006C4D815A5D162004FB83C /* Events.cpp in Sources */,
			);
			runOnlyForDeploymentPostprocessing = 0;
		};
/* End PBXSourcesBuildPhase section */

/* Begin XCBuildConfiguration section */
		1D6058940D05DD3E006BFB54 /* Debug */ = {
			isa = XCBuildConfiguration;
			buildSettings = {
				ALWAYS_SEARCH_USER_PATHS = NO;
				"CODE_SIGN_IDENTITY[sdk=iphoneos*]" = "iPhone Developer";
				COPY_PHASE_STRIP = NO;
				FRAMEWORK_SEARCH_PATHS = (
					"$(inherited)",
					"\"$(SRCROOT)/../../DerivedData/iSDGE/Build/Products/$(CONFIGURATION)$(EFFECTIVE_PLATFORM_NAME)\"",
				);
				GCC_DYNAMIC_NO_PIC = NO;
				GCC_OPTIMIZATION_LEVEL = 0;
				GCC_PRECOMPILE_PREFIX_HEADER = YES;
				GCC_PREFIX_HEADER = "";
				"GCC_THUMB_SUPPORT[arch=armv6]" = "";
				GCC_VERSION = com.apple.compilers.llvm.clang.1_0;
				HEADER_SEARCH_PATHS = "\"$(SRCROOT)/../../DerivedData/iSDGE/Build/Products/$(CONFIGURATION)$(EFFECTIVE_PLATFORM_NAME)/iSDGE.framework/Headers\"/**";
				INFOPLIST_FILE = "Shadows-Info.plist";
				PRECOMPS_INCLUDE_HEADERS_FROM_BUILT_PRODUCTS_DIR = YES;
				PRODUCT_NAME = sgShadows;
				"PROVISIONING_PROFILE[sdk=iphoneos*]" = "";
				SDKROOT = iphoneos;
				USER_HEADER_SEARCH_PATHS = "";
			};
			name = Debug;
		};
		1D6058950D05DD3E006BFB54 /* Release */ = {
			isa = XCBuildConfiguration;
			buildSettings = {
				ALWAYS_SEARCH_USER_PATHS = NO;
				COPY_PHASE_STRIP = YES;
				FRAMEWORK_SEARCH_PATHS = (
					"$(inherited)",
					"\"$(SRCROOT)/../../DerivedData/iSDGE/Build/Products/$(CONFIGURATION)$(EFFECTIVE_PLATFORM_NAME)\"",
				);
				GCC_PRECOMPILE_PREFIX_HEADER = YES;
				GCC_PREFIX_HEADER = "";
				"GCC_THUMB_SUPPORT[arch=armv6]" = "";
				GCC_VERSION = com.apple.compilers.llvm.clang.1_0;
				HEADER_SEARCH_PATHS = "\"$(SRCROOT)/../../DerivedData/iSDGE/Build/Products/$(CONFIGURATION)$(EFFECTIVE_PLATFORM_NAME)/iSDGE.framework/Headers\"/**";
				INFOPLIST_FILE = "Shadows-Info.plist";
				PRECOMPS_INCLUDE_HEADERS_FROM_BUILT_PRODUCTS_DIR = YES;
				PRODUCT_NAME = sgShadows;
				SDKROOT = iphoneos;
				USER_HEADER_SEARCH_PATHS = "";
				VALIDATE_PRODUCT = YES;
			};
			name = Release;
		};
		29D7EB42117CF6B30091D933 /* AdHoc */ = {
			isa = XCBuildConfiguration;
			buildSettings = {
				ALWAYS_SEARCH_USER_PATHS = YES;
				ARCHS = "$(ARCHS_STANDARD_32_BIT)";
				CODE_SIGN_ENTITLEMENTS = Entitlements.plist;
				"CODE_SIGN_IDENTITY[sdk=iphoneos*]" = "iPhone Distribution: Nils Daumann";
				GCC_C_LANGUAGE_STANDARD = c99;
				GCC_PREPROCESSOR_DEFINITIONS = __IOS__;
				GCC_WARN_ABOUT_RETURN_TYPE = YES;
				GCC_WARN_UNUSED_VARIABLE = YES;
				HEADER_SEARCH_PATHS = "../../Engine/Physics/Bullet/bullet-2.77/src/**";
				IPHONEOS_DEPLOYMENT_TARGET = 4.1;
				OTHER_CFLAGS = "-DNS_BLOCK_ASSERTIONS=1";
				"PROVISIONING_PROFILE[sdk=iphoneos*]" = "59BAED19-C32F-43D3-B492-61B32A30960A";
				SDKROOT = iphoneos;
				TARGETED_DEVICE_FAMILY = "1,2";
			};
			name = AdHoc;
		};
		29D7EB43117CF6B30091D933 /* AdHoc */ = {
			isa = XCBuildConfiguration;
			buildSettings = {
				ALWAYS_SEARCH_USER_PATHS = NO;
				CODE_SIGN_ENTITLEMENTS = "";
				"CODE_SIGN_IDENTITY[sdk=iphoneos*]" = "iPhone Distribution";
				COPY_PHASE_STRIP = YES;
				FRAMEWORK_SEARCH_PATHS = (
					"$(inherited)",
					"\"$(SRCROOT)/../../DerivedData/iSDGE/Build/Products/$(CONFIGURATION)$(EFFECTIVE_PLATFORM_NAME)\"",
				);
				GCC_PRECOMPILE_PREFIX_HEADER = YES;
				GCC_PREFIX_HEADER = "";
				"GCC_THUMB_SUPPORT[arch=armv6]" = "";
				GCC_VERSION = com.apple.compilers.llvm.clang.1_0;
				HEADER_SEARCH_PATHS = "\"$(SRCROOT)/../../DerivedData/iSDGE/Build/Products/$(CONFIGURATION)$(EFFECTIVE_PLATFORM_NAME)/iSDGE.framework/Headers\"/**";
				INFOPLIST_FILE = "Shadows-Info.plist";
				PRECOMPS_INCLUDE_HEADERS_FROM_BUILT_PRODUCTS_DIR = YES;
				PRODUCT_NAME = sgShadows;
				"PROVISIONING_PROFILE[sdk=iphoneos*]" = "";
				SDKROOT = iphoneos;
				USER_HEADER_SEARCH_PATHS = "";
				VALIDATE_PRODUCT = NO;
			};
			name = AdHoc;
		};
		C01FCF4F08A954540054247B /* Debug */ = {
			isa = XCBuildConfiguration;
			buildSettings = {
				ALWAYS_SEARCH_USER_PATHS = YES;
				ARCHS = "$(ARCHS_STANDARD_32_BIT)";
				"CODE_SIGN_IDENTITY[sdk=iphoneos*]" = "iPhone Developer: Nils Daumann (9N5QXZ2G44)";
				GCC_C_LANGUAGE_STANDARD = c99;
				GCC_DEBUGGING_SYMBOLS = default;
				GCC_OPTIMIZATION_LEVEL = s;
				GCC_PREPROCESSOR_DEFINITIONS = (
					__IOS__,
					DEBUG,
				);
				GCC_VERSION = "";
				GCC_WARN_ABOUT_RETURN_TYPE = YES;
				GCC_WARN_UNUSED_VARIABLE = YES;
				HEADER_SEARCH_PATHS = "../../Engine/Physics/Bullet/bullet-2.77/src/**";
				IPHONEOS_DEPLOYMENT_TARGET = 4.1;
				SDKROOT = iphoneos;
				TARGETED_DEVICE_FAMILY = "1,2";
			};
			name = Debug;
		};
		C01FCF5008A954540054247B /* Release */ = {
			isa = XCBuildConfiguration;
			buildSettings = {
				ALWAYS_SEARCH_USER_PATHS = YES;
				ARCHS = "$(ARCHS_STANDARD_32_BIT)";
				"CODE_SIGN_IDENTITY[sdk=iphoneos*]" = "iPhone Developer";
				GCC_C_LANGUAGE_STANDARD = c99;
				GCC_PREPROCESSOR_DEFINITIONS = __IOS__;
				GCC_WARN_ABOUT_RETURN_TYPE = YES;
				GCC_WARN_UNUSED_VARIABLE = YES;
				HEADER_SEARCH_PATHS = "../../Engine/Physics/Bullet/bullet-2.77/src/**";
				IPHONEOS_DEPLOYMENT_TARGET = 4.1;
				OTHER_CFLAGS = "-DNS_BLOCK_ASSERTIONS=1";
				SDKROOT = iphoneos;
				TARGETED_DEVICE_FAMILY = "1,2";
			};
			name = Release;
		};
/* End XCBuildConfiguration section */

/* Begin XCConfigurationList section */
		1D6058960D05DD3E006BFB54 /* Build configuration list for PBXNativeTarget "sgShadows" */ = {
			isa = XCConfigurationList;
			buildConfigurations = (
				1D6058940D05DD3E006BFB54 /* Debug */,
				1D6058950D05DD3E006BFB54 /* Release */,
				29D7EB43117CF6B30091D933 /* AdHoc */,
			);
			defaultConfigurationIsVisible = 0;
			defaultConfigurationName = Release;
		};
		C01FCF4E08A954540054247B /* Build configuration list for PBXProject "Shadows" */ = {
			isa = XCConfigurationList;
			buildConfigurations = (
				C01FCF4F08A954540054247B /* Debug */,
				C01FCF5008A954540054247B /* Release */,
				29D7EB42117CF6B30091D933 /* AdHoc */,
			);
			defaultConfigurationIsVisible = 0;
			defaultConfigurationName = Release;
		};
/* End XCConfigurationList section */
	};
	rootObject = 29B97313FDCFA39411CA2CEA /* Project object */;
}
